// !$*UTF8*$!
{
	archiveVersion = 1;
	classes = {
	};
	objectVersion = 46;
	objects = {

/* Begin PBXBuildFile section */
		1A88B2641FC3D9C9005C14AE /* Images.xcassets in Resources */ = {isa = PBXBuildFile; fileRef = 1A88B2631FC3D9C9005C14AE /* Images.xcassets */; };
		1AC6FB21180E996B004C840B /* libcocos2d Mac.a in Frameworks */ = {isa = PBXBuildFile; fileRef = 1AC6FAF9180E9839004C840B /* libcocos2d Mac.a */; };
		1AC6FB30180E99EB004C840B /* libcocos2d iOS.a in Frameworks */ = {isa = PBXBuildFile; fileRef = 1AC6FB07180E9839004C840B /* libcocos2d iOS.a */; };
		1AF87B781F6F77F7007BE51C /* AppController.mm in Sources */ = {isa = PBXBuildFile; fileRef = 1AF87B481F6F77D6007BE51C /* AppController.mm */; };
		1AF87B881F6F781D007BE51C /* LaunchScreen.storyboard in Resources */ = {isa = PBXBuildFile; fileRef = 1AF87B591F6F77D6007BE51C /* LaunchScreen.storyboard */; };
		1AF87B891F6F781D007BE51C /* LaunchScreenBackground.png in Resources */ = {isa = PBXBuildFile; fileRef = 1AF87B5A1F6F77D6007BE51C /* LaunchScreenBackground.png */; };
		1AF87B8A1F6F7822007BE51C /* main.m in Sources */ = {isa = PBXBuildFile; fileRef = 1AF87B5B1F6F77D6007BE51C /* main.m */; };
		1AF87B8B1F6F782A007BE51C /* RootViewController.mm in Sources */ = {isa = PBXBuildFile; fileRef = 1AF87B5E1F6F77D6007BE51C /* RootViewController.mm */; };
		1D60589F0D05DD5A006BFB54 /* Foundation.framework in Frameworks */ = {isa = PBXBuildFile; fileRef = 1D30AB110D05D00D00671497 /* Foundation.framework */; };
		1DF5F4E00D08C38300B7A737 /* UIKit.framework in Frameworks */ = {isa = PBXBuildFile; fileRef = 1DF5F4DF0D08C38300B7A737 /* UIKit.framework */; };
		288765A50DF7441C002DB57D /* CoreGraphics.framework in Frameworks */ = {isa = PBXBuildFile; fileRef = 288765A40DF7441C002DB57D /* CoreGraphics.framework */; };
		294D0D641D0D56D500F7F5D4 /* CoreText.framework in Frameworks */ = {isa = PBXBuildFile; fileRef = 294D0D631D0D56D500F7F5D4 /* CoreText.framework */; };
		503AE0F817EB97AB00D1A890 /* Icon.icns in Resources */ = {isa = PBXBuildFile; fileRef = 503AE0F617EB97AB00D1A890 /* Icon.icns */; };
		503AE10517EB98FF00D1A890 /* main.cpp in Sources */ = {isa = PBXBuildFile; fileRef = 503AE10317EB98FF00D1A890 /* main.cpp */; };
		503AE11B17EB9C5A00D1A890 /* IOKit.framework in Frameworks */ = {isa = PBXBuildFile; fileRef = 503AE11A17EB9C5A00D1A890 /* IOKit.framework */; };
		5087E76317EB910900C73F5D /* Foundation.framework in Frameworks */ = {isa = PBXBuildFile; fileRef = 1D30AB110D05D00D00671497 /* Foundation.framework */; };
		5087E76717EB910900C73F5D /* libz.dylib in Frameworks */ = {isa = PBXBuildFile; fileRef = BF170DB412928DE900B8313A /* libz.dylib */; };
		5087E76817EB910900C73F5D /* QuartzCore.framework in Frameworks */ = {isa = PBXBuildFile; fileRef = BF1C47EA1293683800B63C5D /* QuartzCore.framework */; };
		5087E76917EB910900C73F5D /* OpenAL.framework in Frameworks */ = {isa = PBXBuildFile; fileRef = D44C620B132DFF330009C878 /* OpenAL.framework */; };
		5087E76A17EB910900C73F5D /* AVFoundation.framework in Frameworks */ = {isa = PBXBuildFile; fileRef = D44C620D132DFF430009C878 /* AVFoundation.framework */; };
		5087E76B17EB910900C73F5D /* AudioToolbox.framework in Frameworks */ = {isa = PBXBuildFile; fileRef = D44C620F132DFF4E0009C878 /* AudioToolbox.framework */; };
		5087E78917EB974C00C73F5D /* AppKit.framework in Frameworks */ = {isa = PBXBuildFile; fileRef = 5087E78817EB974C00C73F5D /* AppKit.framework */; };
		5087E78B17EB975400C73F5D /* OpenGL.framework in Frameworks */ = {isa = PBXBuildFile; fileRef = 5087E78A17EB975400C73F5D /* OpenGL.framework */; };
		52B47A471A53D09C004E4C60 /* Security.framework in Frameworks */ = {isa = PBXBuildFile; fileRef = 52B47A461A53D09B004E4C60 /* Security.framework */; };
		583A5CAF229BCCE90069DDFE /* cocos2dClass.snippet in Resources */ = {isa = PBXBuildFile; fileRef = 583A5C52229BCCE90069DDFE /* cocos2dClass.snippet */; };
		583A5CB0229BCCE90069DDFE /* cocos2dClass.snippet in Resources */ = {isa = PBXBuildFile; fileRef = 583A5C52229BCCE90069DDFE /* cocos2dClass.snippet */; };
		583A5CB1229BCCE90069DDFE /* utils.cpp in Sources */ = {isa = PBXBuildFile; fileRef = 583A5C54229BCCE90069DDFE /* utils.cpp */; };
		583A5CB2229BCCE90069DDFE /* utils.cpp in Sources */ = {isa = PBXBuildFile; fileRef = 583A5C54229BCCE90069DDFE /* utils.cpp */; };
		583A5CB3229BCCE90069DDFE /* input_controller.cpp in Sources */ = {isa = PBXBuildFile; fileRef = 583A5C57229BCCE90069DDFE /* input_controller.cpp */; };
		583A5CB4229BCCE90069DDFE /* input_controller.cpp in Sources */ = {isa = PBXBuildFile; fileRef = 583A5C57229BCCE90069DDFE /* input_controller.cpp */; };
		583A5CB5229BCCE90069DDFE /* audio_helper.cpp in Sources */ = {isa = PBXBuildFile; fileRef = 583A5C5A229BCCE90069DDFE /* audio_helper.cpp */; };
		583A5CB6229BCCE90069DDFE /* audio_helper.cpp in Sources */ = {isa = PBXBuildFile; fileRef = 583A5C5A229BCCE90069DDFE /* audio_helper.cpp */; };
		583A5CB7229BCCE90069DDFE /* physics_shape_cache.cpp in Sources */ = {isa = PBXBuildFile; fileRef = 583A5C5C229BCCE90069DDFE /* physics_shape_cache.cpp */; };
		583A5CB8229BCCE90069DDFE /* physics_shape_cache.cpp in Sources */ = {isa = PBXBuildFile; fileRef = 583A5C5C229BCCE90069DDFE /* physics_shape_cache.cpp */; };
		583A5CB9229BCCE90069DDFE /* physics_game_object.cpp in Sources */ = {isa = PBXBuildFile; fileRef = 583A5C5E229BCCE90069DDFE /* physics_game_object.cpp */; };
		583A5CBA229BCCE90069DDFE /* physics_game_object.cpp in Sources */ = {isa = PBXBuildFile; fileRef = 583A5C5E229BCCE90069DDFE /* physics_game_object.cpp */; };
		583A5CBB229BCCE90069DDFE /* physics_tiled_scene.cpp in Sources */ = {isa = PBXBuildFile; fileRef = 583A5C60229BCCE90069DDFE /* physics_tiled_scene.cpp */; };
		583A5CBC229BCCE90069DDFE /* physics_tiled_scene.cpp in Sources */ = {isa = PBXBuildFile; fileRef = 583A5C60229BCCE90069DDFE /* physics_tiled_scene.cpp */; };
		583A5CBD229BCCE90069DDFE /* basic_app.cpp in Sources */ = {isa = PBXBuildFile; fileRef = 583A5C64229BCCE90069DDFE /* basic_app.cpp */; };
		583A5CBE229BCCE90069DDFE /* basic_app.cpp in Sources */ = {isa = PBXBuildFile; fileRef = 583A5C64229BCCE90069DDFE /* basic_app.cpp */; };
		583A5CBF229BCCE90069DDFE /* game_object.cpp in Sources */ = {isa = PBXBuildFile; fileRef = 583A5C68229BCCE90069DDFE /* game_object.cpp */; };
		583A5CC0229BCCE90069DDFE /* game_object.cpp in Sources */ = {isa = PBXBuildFile; fileRef = 583A5C68229BCCE90069DDFE /* game_object.cpp */; };
		583A5CC1229BCCE90069DDFE /* grid_scene.cpp in Sources */ = {isa = PBXBuildFile; fileRef = 583A5C6A229BCCE90069DDFE /* grid_scene.cpp */; };
		583A5CC2229BCCE90069DDFE /* grid_scene.cpp in Sources */ = {isa = PBXBuildFile; fileRef = 583A5C6A229BCCE90069DDFE /* grid_scene.cpp */; };
		583A5CC3229BCCE90069DDFE /* basic_scene.cpp in Sources */ = {isa = PBXBuildFile; fileRef = 583A5C6D229BCCE90069DDFE /* basic_scene.cpp */; };
		583A5CC4229BCCE90069DDFE /* basic_scene.cpp in Sources */ = {isa = PBXBuildFile; fileRef = 583A5C6D229BCCE90069DDFE /* basic_scene.cpp */; };
		583A5CC5229BCCE90069DDFE /* tiled_scene.cpp in Sources */ = {isa = PBXBuildFile; fileRef = 583A5C6F229BCCE90069DDFE /* tiled_scene.cpp */; };
		583A5CC6229BCCE90069DDFE /* tiled_scene.cpp in Sources */ = {isa = PBXBuildFile; fileRef = 583A5C6F229BCCE90069DDFE /* tiled_scene.cpp */; };
		583A5CC7229BCCE90069DDFE /* laser_and_bots_app.cpp in Sources */ = {isa = PBXBuildFile; fileRef = 583A5C70229BCCE90069DDFE /* laser_and_bots_app.cpp */; };
		583A5CC8229BCCE90069DDFE /* laser_and_bots_app.cpp in Sources */ = {isa = PBXBuildFile; fileRef = 583A5C70229BCCE90069DDFE /* laser_and_bots_app.cpp */; };
		583A5CC9229BCCE90069DDFE /* laser_object.cpp in Sources */ = {isa = PBXBuildFile; fileRef = 583A5C72229BCCE90069DDFE /* laser_object.cpp */; };
		583A5CCA229BCCE90069DDFE /* laser_object.cpp in Sources */ = {isa = PBXBuildFile; fileRef = 583A5C72229BCCE90069DDFE /* laser_object.cpp */; };
		583A5CCB229BCCE90069DDFE /* harm_object.cpp in Sources */ = {isa = PBXBuildFile; fileRef = 583A5C73229BCCE90069DDFE /* harm_object.cpp */; };
		583A5CCC229BCCE90069DDFE /* harm_object.cpp in Sources */ = {isa = PBXBuildFile; fileRef = 583A5C73229BCCE90069DDFE /* harm_object.cpp */; };
		583A5CCD229BCCE90069DDFE /* barrel_object.cpp in Sources */ = {isa = PBXBuildFile; fileRef = 583A5C75229BCCE90069DDFE /* barrel_object.cpp */; };
		583A5CCE229BCCE90069DDFE /* barrel_object.cpp in Sources */ = {isa = PBXBuildFile; fileRef = 583A5C75229BCCE90069DDFE /* barrel_object.cpp */; };
		583A5CCF229BCCE90069DDFE /* door_object.cpp in Sources */ = {isa = PBXBuildFile; fileRef = 583A5C77229BCCE90069DDFE /* door_object.cpp */; };
		583A5CD0229BCCE90069DDFE /* door_object.cpp in Sources */ = {isa = PBXBuildFile; fileRef = 583A5C77229BCCE90069DDFE /* door_object.cpp */; };
		583A5CD1229BCCE90069DDFE /* robot_fragment.cpp in Sources */ = {isa = PBXBuildFile; fileRef = 583A5C78229BCCE90069DDFE /* robot_fragment.cpp */; };
		583A5CD2229BCCE90069DDFE /* robot_fragment.cpp in Sources */ = {isa = PBXBuildFile; fileRef = 583A5C78229BCCE90069DDFE /* robot_fragment.cpp */; };
		583A5CD3229BCCE90069DDFE /* switch_object.cpp in Sources */ = {isa = PBXBuildFile; fileRef = 583A5C7A229BCCE90069DDFE /* switch_object.cpp */; };
		583A5CD4229BCCE90069DDFE /* switch_object.cpp in Sources */ = {isa = PBXBuildFile; fileRef = 583A5C7A229BCCE90069DDFE /* switch_object.cpp */; };
		583A5CD5229BCCE90069DDFE /* box_object.cpp in Sources */ = {isa = PBXBuildFile; fileRef = 583A5C7C229BCCE90069DDFE /* box_object.cpp */; };
		583A5CD6229BCCE90069DDFE /* box_object.cpp in Sources */ = {isa = PBXBuildFile; fileRef = 583A5C7C229BCCE90069DDFE /* box_object.cpp */; };
		583A5CD7229BCCE90069DDFE /* saw_object.cpp in Sources */ = {isa = PBXBuildFile; fileRef = 583A5C7F229BCCE90069DDFE /* saw_object.cpp */; };
		583A5CD8229BCCE90069DDFE /* saw_object.cpp in Sources */ = {isa = PBXBuildFile; fileRef = 583A5C7F229BCCE90069DDFE /* saw_object.cpp */; };
		583A5CD9229BCCE90069DDFE /* robot_object.cpp in Sources */ = {isa = PBXBuildFile; fileRef = 583A5C83229BCCE90069DDFE /* robot_object.cpp */; };
		583A5CDA229BCCE90069DDFE /* robot_object.cpp in Sources */ = {isa = PBXBuildFile; fileRef = 583A5C83229BCCE90069DDFE /* robot_object.cpp */; };
		583A5CDB229BCCE90069DDFE /* options_menu.cpp in Sources */ = {isa = PBXBuildFile; fileRef = 583A5C85229BCCE90069DDFE /* options_menu.cpp */; };
		583A5CDC229BCCE90069DDFE /* options_menu.cpp in Sources */ = {isa = PBXBuildFile; fileRef = 583A5C85229BCCE90069DDFE /* options_menu.cpp */; };
		583A5CDD229BCCE90069DDFE /* main_menu.cpp in Sources */ = {isa = PBXBuildFile; fileRef = 583A5C86229BCCE90069DDFE /* main_menu.cpp */; };
		583A5CDE229BCCE90069DDFE /* main_menu.cpp in Sources */ = {isa = PBXBuildFile; fileRef = 583A5C86229BCCE90069DDFE /* main_menu.cpp */; };
		583A5CDF229BCCE90069DDFE /* credits_menu.cpp in Sources */ = {isa = PBXBuildFile; fileRef = 583A5C88229BCCE90069DDFE /* credits_menu.cpp */; };
		583A5CE0229BCCE90069DDFE /* credits_menu.cpp in Sources */ = {isa = PBXBuildFile; fileRef = 583A5C88229BCCE90069DDFE /* credits_menu.cpp */; };
		583A5CE1229BCCE90069DDFE /* basic_menu.cpp in Sources */ = {isa = PBXBuildFile; fileRef = 583A5C8A229BCCE90069DDFE /* basic_menu.cpp */; };
		583A5CE2229BCCE90069DDFE /* basic_menu.cpp in Sources */ = {isa = PBXBuildFile; fileRef = 583A5C8A229BCCE90069DDFE /* basic_menu.cpp */; };
		583A5CE3229BCCE90069DDFE /* play_menu.cpp in Sources */ = {isa = PBXBuildFile; fileRef = 583A5C8B229BCCE90069DDFE /* play_menu.cpp */; };
		583A5CE4229BCCE90069DDFE /* play_menu.cpp in Sources */ = {isa = PBXBuildFile; fileRef = 583A5C8B229BCCE90069DDFE /* play_menu.cpp */; };
		583A5CE5229BCCE90069DDFE /* slider_object.cpp in Sources */ = {isa = PBXBuildFile; fileRef = 583A5C90229BCCE90069DDFE /* slider_object.cpp */; };
		583A5CE6229BCCE90069DDFE /* slider_object.cpp in Sources */ = {isa = PBXBuildFile; fileRef = 583A5C90229BCCE90069DDFE /* slider_object.cpp */; };
		583A5CE7229BCCE90069DDFE /* game_ui.cpp in Sources */ = {isa = PBXBuildFile; fileRef = 583A5C93229BCCE90069DDFE /* game_ui.cpp */; };
		583A5CE8229BCCE90069DDFE /* game_ui.cpp in Sources */ = {isa = PBXBuildFile; fileRef = 583A5C93229BCCE90069DDFE /* game_ui.cpp */; };
		583A5CE9229BCCE90069DDFE /* pause_window.cpp in Sources */ = {isa = PBXBuildFile; fileRef = 583A5C96229BCCE90069DDFE /* pause_window.cpp */; };
		583A5CEA229BCCE90069DDFE /* pause_window.cpp in Sources */ = {isa = PBXBuildFile; fileRef = 583A5C96229BCCE90069DDFE /* pause_window.cpp */; };
		583A5CEB229BCCE90069DDFE /* level_completed.cpp in Sources */ = {isa = PBXBuildFile; fileRef = 583A5C97229BCCE90069DDFE /* level_completed.cpp */; };
		583A5CEC229BCCE90069DDFE /* level_completed.cpp in Sources */ = {isa = PBXBuildFile; fileRef = 583A5C97229BCCE90069DDFE /* level_completed.cpp */; };
		583A5CED229BCCE90069DDFE /* message_window.cpp in Sources */ = {isa = PBXBuildFile; fileRef = 583A5C98229BCCE90069DDFE /* message_window.cpp */; };
		583A5CEE229BCCE90069DDFE /* message_window.cpp in Sources */ = {isa = PBXBuildFile; fileRef = 583A5C98229BCCE90069DDFE /* message_window.cpp */; };
		583A5CEF229BCCE90069DDFE /* on_screen_button.cpp in Sources */ = {isa = PBXBuildFile; fileRef = 583A5C9A229BCCE90069DDFE /* on_screen_button.cpp */; };
		583A5CF0229BCCE90069DDFE /* on_screen_button.cpp in Sources */ = {isa = PBXBuildFile; fileRef = 583A5C9A229BCCE90069DDFE /* on_screen_button.cpp */; };
		583A5CF1229BCCE90069DDFE /* resizable_window.cpp in Sources */ = {isa = PBXBuildFile; fileRef = 583A5C9D229BCCE90069DDFE /* resizable_window.cpp */; };
		583A5CF2229BCCE90069DDFE /* resizable_window.cpp in Sources */ = {isa = PBXBuildFile; fileRef = 583A5C9D229BCCE90069DDFE /* resizable_window.cpp */; };
		583A5CF3229BCCE90069DDFE /* virtual_joy_stick.cpp in Sources */ = {isa = PBXBuildFile; fileRef = 583A5C9E229BCCE90069DDFE /* virtual_joy_stick.cpp */; };
		583A5CF4229BCCE90069DDFE /* virtual_joy_stick.cpp in Sources */ = {isa = PBXBuildFile; fileRef = 583A5C9E229BCCE90069DDFE /* virtual_joy_stick.cpp */; };
		583A5CF5229BCCE90069DDFE /* text_toggle.cpp in Sources */ = {isa = PBXBuildFile; fileRef = 583A5C9F229BCCE90069DDFE /* text_toggle.cpp */; };
		583A5CF6229BCCE90069DDFE /* text_toggle.cpp in Sources */ = {isa = PBXBuildFile; fileRef = 583A5C9F229BCCE90069DDFE /* text_toggle.cpp */; };
		583A5CF7229BCCE90069DDFE /* text_button.cpp in Sources */ = {isa = PBXBuildFile; fileRef = 583A5CA0229BCCE90069DDFE /* text_button.cpp */; };
		583A5CF8229BCCE90069DDFE /* text_button.cpp in Sources */ = {isa = PBXBuildFile; fileRef = 583A5CA0229BCCE90069DDFE /* text_button.cpp */; };
		583A5CF9229BCCE90069DDFE /* menu_scene.cpp in Sources */ = {isa = PBXBuildFile; fileRef = 583A5CA6229BCCE90069DDFE /* menu_scene.cpp */; };
		583A5CFA229BCCE90069DDFE /* menu_scene.cpp in Sources */ = {isa = PBXBuildFile; fileRef = 583A5CA6229BCCE90069DDFE /* menu_scene.cpp */; };
		583A5CFB229BCCE90069DDFE /* loading_scene.cpp in Sources */ = {isa = PBXBuildFile; fileRef = 583A5CA7229BCCE90069DDFE /* loading_scene.cpp */; };
		583A5CFC229BCCE90069DDFE /* loading_scene.cpp in Sources */ = {isa = PBXBuildFile; fileRef = 583A5CA7229BCCE90069DDFE /* loading_scene.cpp */; };
		583A5CFD229BCCE90069DDFE /* game_scene.cpp in Sources */ = {isa = PBXBuildFile; fileRef = 583A5CAA229BCCE90069DDFE /* game_scene.cpp */; };
		583A5CFE229BCCE90069DDFE /* game_scene.cpp in Sources */ = {isa = PBXBuildFile; fileRef = 583A5CAA229BCCE90069DDFE /* game_scene.cpp */; };
		583A5CFF229BCCE90069DDFE /* level_manager.cpp in Sources */ = {isa = PBXBuildFile; fileRef = 583A5CAD229BCCE90069DDFE /* level_manager.cpp */; };
		583A5D00229BCCE90069DDFE /* level_manager.cpp in Sources */ = {isa = PBXBuildFile; fileRef = 583A5CAD229BCCE90069DDFE /* level_manager.cpp */; };
		583A5D0C229BCD0C0069DDFE /* robot in Resources */ = {isa = PBXBuildFile; fileRef = 583A5D01229BCD0C0069DDFE /* robot */; };
		583A5D0D229BCD0C0069DDFE /* robot in Resources */ = {isa = PBXBuildFile; fileRef = 583A5D01229BCD0C0069DDFE /* robot */; };
		583A5D0E229BCD0C0069DDFE /* shapes in Resources */ = {isa = PBXBuildFile; fileRef = 583A5D02229BCD0C0069DDFE /* shapes */; };
		583A5D0F229BCD0C0069DDFE /* shapes in Resources */ = {isa = PBXBuildFile; fileRef = 583A5D02229BCD0C0069DDFE /* shapes */; };
		583A5D10229BCD0C0069DDFE /* version in Resources */ = {isa = PBXBuildFile; fileRef = 583A5D03229BCD0C0069DDFE /* version */; };
		583A5D11229BCD0C0069DDFE /* version in Resources */ = {isa = PBXBuildFile; fileRef = 583A5D03229BCD0C0069DDFE /* version */; };
		583A5D12229BCD0C0069DDFE /* maps in Resources */ = {isa = PBXBuildFile; fileRef = 583A5D04229BCD0C0069DDFE /* maps */; };
		583A5D13229BCD0C0069DDFE /* maps in Resources */ = {isa = PBXBuildFile; fileRef = 583A5D04229BCD0C0069DDFE /* maps */; };
		583A5D14229BCD0C0069DDFE /* res in Resources */ = {isa = PBXBuildFile; fileRef = 583A5D05229BCD0C0069DDFE /* res */; };
		583A5D15229BCD0C0069DDFE /* res in Resources */ = {isa = PBXBuildFile; fileRef = 583A5D05229BCD0C0069DDFE /* res */; };
		583A5D16229BCD0C0069DDFE /* levels in Resources */ = {isa = PBXBuildFile; fileRef = 583A5D06229BCD0C0069DDFE /* levels */; };
		583A5D17229BCD0C0069DDFE /* levels in Resources */ = {isa = PBXBuildFile; fileRef = 583A5D06229BCD0C0069DDFE /* levels */; };
		583A5D18229BCD0C0069DDFE /* ui in Resources */ = {isa = PBXBuildFile; fileRef = 583A5D07229BCD0C0069DDFE /* ui */; };
		583A5D19229BCD0C0069DDFE /* ui in Resources */ = {isa = PBXBuildFile; fileRef = 583A5D07229BCD0C0069DDFE /* ui */; };
		583A5D1A229BCD0C0069DDFE /* credits in Resources */ = {isa = PBXBuildFile; fileRef = 583A5D08229BCD0C0069DDFE /* credits */; };
		583A5D1B229BCD0C0069DDFE /* credits in Resources */ = {isa = PBXBuildFile; fileRef = 583A5D08229BCD0C0069DDFE /* credits */; };
		583A5D1C229BCD0C0069DDFE /* objects in Resources */ = {isa = PBXBuildFile; fileRef = 583A5D09229BCD0C0069DDFE /* objects */; };
		583A5D1D229BCD0C0069DDFE /* objects in Resources */ = {isa = PBXBuildFile; fileRef = 583A5D09229BCD0C0069DDFE /* objects */; };
		583A5D1E229BCD0C0069DDFE /* sounds in Resources */ = {isa = PBXBuildFile; fileRef = 583A5D0A229BCD0C0069DDFE /* sounds */; };
		583A5D1F229BCD0C0069DDFE /* sounds in Resources */ = {isa = PBXBuildFile; fileRef = 583A5D0A229BCD0C0069DDFE /* sounds */; };
		583A5D20229BCD0C0069DDFE /* fonts in Resources */ = {isa = PBXBuildFile; fileRef = 583A5D0B229BCD0C0069DDFE /* fonts */; };
		583A5D21229BCD0C0069DDFE /* fonts in Resources */ = {isa = PBXBuildFile; fileRef = 583A5D0B229BCD0C0069DDFE /* fonts */; };
		583A5D23229BCEF80069DDFE /* GameController.framework in Frameworks */ = {isa = PBXBuildFile; fileRef = 583A5D22229BCEF80069DDFE /* GameController.framework */; };
		58CF7AB2229C41F700421F37 /* about_menu.cpp in Sources */ = {isa = PBXBuildFile; fileRef = 58CF7AAF229C41F700421F37 /* about_menu.cpp */; };
		58CF7AB3229C41F700421F37 /* about_menu.cpp in Sources */ = {isa = PBXBuildFile; fileRef = 58CF7AAF229C41F700421F37 /* about_menu.cpp */; };
		8262943E1AAF051F00CB7CF7 /* Security.framework in Frameworks */ = {isa = PBXBuildFile; fileRef = 8262943D1AAF051F00CB7CF7 /* Security.framework */; };
		BF171245129291EC00B8313A /* OpenGLES.framework in Frameworks */ = {isa = PBXBuildFile; fileRef = BF170DB012928DE900B8313A /* OpenGLES.framework */; };
		BF1712471292920000B8313A /* libz.dylib in Frameworks */ = {isa = PBXBuildFile; fileRef = BF170DB412928DE900B8313A /* libz.dylib */; };
		BF1C47F01293687400B63C5D /* QuartzCore.framework in Frameworks */ = {isa = PBXBuildFile; fileRef = BF1C47EA1293683800B63C5D /* QuartzCore.framework */; };
		D44C620C132DFF330009C878 /* OpenAL.framework in Frameworks */ = {isa = PBXBuildFile; fileRef = D44C620B132DFF330009C878 /* OpenAL.framework */; };
		D44C620E132DFF430009C878 /* AVFoundation.framework in Frameworks */ = {isa = PBXBuildFile; fileRef = D44C620D132DFF430009C878 /* AVFoundation.framework */; };
		D44C6210132DFF4E0009C878 /* AudioToolbox.framework in Frameworks */ = {isa = PBXBuildFile; fileRef = D44C620F132DFF4E0009C878 /* AudioToolbox.framework */; };
		D6B0611B1803AB670077942B /* CoreMotion.framework in Frameworks */ = {isa = PBXBuildFile; fileRef = D6B0611A1803AB670077942B /* CoreMotion.framework */; };
		ED545A7C1B68A1F400C3958E /* libiconv.dylib in Frameworks */ = {isa = PBXBuildFile; fileRef = ED545A7B1B68A1F400C3958E /* libiconv.dylib */; };
		ED545A7E1B68A1FA00C3958E /* libiconv.dylib in Frameworks */ = {isa = PBXBuildFile; fileRef = ED545A7D1B68A1FA00C3958E /* libiconv.dylib */; };
/* End PBXBuildFile section */

/* Begin PBXContainerItemProxy section */
		1A7533E21F6F75F6007E8E6F /* PBXContainerItemProxy */ = {
			isa = PBXContainerItemProxy;
			containerPortal = 1AC6FAE5180E9839004C840B /* cocos2d_libs.xcodeproj */;
			proxyType = 2;
			remoteGlobalIDString = 507B40FD1C31BDD30067B53E;
			remoteInfo = "libcocos2d tvOS";
		};
		1AC6FAF8180E9839004C840B /* PBXContainerItemProxy */ = {
			isa = PBXContainerItemProxy;
			containerPortal = 1AC6FAE5180E9839004C840B /* cocos2d_libs.xcodeproj */;
			proxyType = 2;
			remoteGlobalIDString = 1551A33F158F2AB200E66CFE;
			remoteInfo = "cocos2dx Mac";
		};
		1AC6FB06180E9839004C840B /* PBXContainerItemProxy */ = {
			isa = PBXContainerItemProxy;
			containerPortal = 1AC6FAE5180E9839004C840B /* cocos2d_libs.xcodeproj */;
			proxyType = 2;
			remoteGlobalIDString = A07A4D641783777C0073F6A7;
			remoteInfo = "cocos2dx iOS";
		};
		1AC6FB15180E9959004C840B /* PBXContainerItemProxy */ = {
			isa = PBXContainerItemProxy;
			containerPortal = 1AC6FAE5180E9839004C840B /* cocos2d_libs.xcodeproj */;
			proxyType = 1;
			remoteGlobalIDString = 1551A33E158F2AB200E66CFE;
			remoteInfo = "cocos2dx Mac";
		};
		1AC6FB24180E99E1004C840B /* PBXContainerItemProxy */ = {
			isa = PBXContainerItemProxy;
			containerPortal = 1AC6FAE5180E9839004C840B /* cocos2d_libs.xcodeproj */;
			proxyType = 1;
			remoteGlobalIDString = A07A4C241783777C0073F6A7;
			remoteInfo = "cocos2dx iOS";
		};
/* End PBXContainerItemProxy section */

/* Begin PBXFileReference section */
		1A88B2631FC3D9C9005C14AE /* Images.xcassets */ = {isa = PBXFileReference; lastKnownFileType = folder.assetcatalog; path = Images.xcassets; sourceTree = "<group>"; };
		1AC6FAE5180E9839004C840B /* cocos2d_libs.xcodeproj */ = {isa = PBXFileReference; lastKnownFileType = "wrapper.pb-project"; name = cocos2d_libs.xcodeproj; path = ../cocos2d/build/cocos2d_libs.xcodeproj; sourceTree = "<group>"; };
		1ACB3243164770DE00914215 /* libcurl.a */ = {isa = PBXFileReference; lastKnownFileType = archive.ar; name = libcurl.a; path = ../../cocos2dx/platform/third_party/ios/libraries/libcurl.a; sourceTree = "<group>"; };
		1AF87B471F6F77D6007BE51C /* AppController.h */ = {isa = PBXFileReference; lastKnownFileType = sourcecode.c.h; path = AppController.h; sourceTree = "<group>"; };
		1AF87B481F6F77D6007BE51C /* AppController.mm */ = {isa = PBXFileReference; lastKnownFileType = sourcecode.cpp.objcpp; path = AppController.mm; sourceTree = "<group>"; };
		1AF87B581F6F77D6007BE51C /* Info.plist */ = {isa = PBXFileReference; lastKnownFileType = text.plist.xml; path = Info.plist; sourceTree = "<group>"; };
		1AF87B591F6F77D6007BE51C /* LaunchScreen.storyboard */ = {isa = PBXFileReference; lastKnownFileType = file.storyboard; path = LaunchScreen.storyboard; sourceTree = "<group>"; };
		1AF87B5A1F6F77D6007BE51C /* LaunchScreenBackground.png */ = {isa = PBXFileReference; lastKnownFileType = image.png; path = LaunchScreenBackground.png; sourceTree = "<group>"; };
		1AF87B5B1F6F77D6007BE51C /* main.m */ = {isa = PBXFileReference; lastKnownFileType = sourcecode.c.objc; path = main.m; sourceTree = "<group>"; };
		1AF87B5C1F6F77D6007BE51C /* Prefix.pch */ = {isa = PBXFileReference; lastKnownFileType = sourcecode.c.h; path = Prefix.pch; sourceTree = "<group>"; };
		1AF87B5D1F6F77D6007BE51C /* RootViewController.h */ = {isa = PBXFileReference; lastKnownFileType = sourcecode.c.h; path = RootViewController.h; sourceTree = "<group>"; };
		1AF87B5E1F6F77D6007BE51C /* RootViewController.mm */ = {isa = PBXFileReference; lastKnownFileType = sourcecode.cpp.objcpp; path = RootViewController.mm; sourceTree = "<group>"; };
		1D30AB110D05D00D00671497 /* Foundation.framework */ = {isa = PBXFileReference; lastKnownFileType = wrapper.framework; name = Foundation.framework; path = System/Library/Frameworks/Foundation.framework; sourceTree = SDKROOT; };
		1D6058910D05DD3D006BFB54 /* lasers-and-bots-mobile.app */ = {isa = PBXFileReference; explicitFileType = wrapper.application; includeInIndex = 0; path = "lasers-and-bots-mobile.app"; sourceTree = BUILT_PRODUCTS_DIR; };
		1DF5F4DF0D08C38300B7A737 /* UIKit.framework */ = {isa = PBXFileReference; lastKnownFileType = wrapper.framework; name = UIKit.framework; path = System/Library/Frameworks/UIKit.framework; sourceTree = SDKROOT; };
		288765A40DF7441C002DB57D /* CoreGraphics.framework */ = {isa = PBXFileReference; lastKnownFileType = wrapper.framework; name = CoreGraphics.framework; path = System/Library/Frameworks/CoreGraphics.framework; sourceTree = SDKROOT; };
		294D0D631D0D56D500F7F5D4 /* CoreText.framework */ = {isa = PBXFileReference; lastKnownFileType = wrapper.framework; name = CoreText.framework; path = Platforms/iPhoneOS.platform/Developer/SDKs/iPhoneOS.sdk/System/Library/Frameworks/CoreText.framework; sourceTree = DEVELOPER_DIR; };
		503AE0F617EB97AB00D1A890 /* Icon.icns */ = {isa = PBXFileReference; lastKnownFileType = image.icns; path = Icon.icns; sourceTree = "<group>"; };
		503AE0F717EB97AB00D1A890 /* Info.plist */ = {isa = PBXFileReference; fileEncoding = 4; lastKnownFileType = text.plist.xml; path = Info.plist; sourceTree = "<group>"; };
		503AE10317EB98FF00D1A890 /* main.cpp */ = {isa = PBXFileReference; fileEncoding = 4; lastKnownFileType = sourcecode.cpp.cpp; name = main.cpp; path = mac/main.cpp; sourceTree = "<group>"; };
		503AE10417EB98FF00D1A890 /* Prefix.pch */ = {isa = PBXFileReference; fileEncoding = 4; lastKnownFileType = sourcecode.c.h; name = Prefix.pch; path = mac/Prefix.pch; sourceTree = "<group>"; };
		503AE11117EB99EE00D1A890 /* libcurl.dylib */ = {isa = PBXFileReference; lastKnownFileType = "compiled.mach-o.dylib"; name = libcurl.dylib; path = usr/lib/libcurl.dylib; sourceTree = SDKROOT; };
		503AE11A17EB9C5A00D1A890 /* IOKit.framework */ = {isa = PBXFileReference; lastKnownFileType = wrapper.framework; name = IOKit.framework; path = System/Library/Frameworks/IOKit.framework; sourceTree = SDKROOT; };
		5087E76F17EB910900C73F5D /* lasers-and-bots-desktop.app */ = {isa = PBXFileReference; explicitFileType = wrapper.application; includeInIndex = 0; path = "lasers-and-bots-desktop.app"; sourceTree = BUILT_PRODUCTS_DIR; };
		5087E78817EB974C00C73F5D /* AppKit.framework */ = {isa = PBXFileReference; lastKnownFileType = wrapper.framework; name = AppKit.framework; path = System/Library/Frameworks/AppKit.framework; sourceTree = SDKROOT; };
		5087E78A17EB975400C73F5D /* OpenGL.framework */ = {isa = PBXFileReference; lastKnownFileType = wrapper.framework; name = OpenGL.framework; path = System/Library/Frameworks/OpenGL.framework; sourceTree = SDKROOT; };
		52B47A461A53D09B004E4C60 /* Security.framework */ = {isa = PBXFileReference; lastKnownFileType = wrapper.framework; name = Security.framework; path = Platforms/iPhoneOS.platform/Developer/SDKs/iPhoneOS.sdk/System/Library/Frameworks/Security.framework; sourceTree = DEVELOPER_DIR; };
		583A5C52229BCCE90069DDFE /* cocos2dClass.snippet */ = {isa = PBXFileReference; fileEncoding = 4; lastKnownFileType = text.xml; path = cocos2dClass.snippet; sourceTree = "<group>"; };
		583A5C53229BCCE90069DDFE /* utils.h */ = {isa = PBXFileReference; fileEncoding = 4; lastKnownFileType = sourcecode.c.h; path = utils.h; sourceTree = "<group>"; };
		583A5C54229BCCE90069DDFE /* utils.cpp */ = {isa = PBXFileReference; fileEncoding = 4; lastKnownFileType = sourcecode.cpp.cpp; path = utils.cpp; sourceTree = "<group>"; };
		583A5C56229BCCE90069DDFE /* input_controller.h */ = {isa = PBXFileReference; fileEncoding = 4; lastKnownFileType = sourcecode.c.h; path = input_controller.h; sourceTree = "<group>"; };
		583A5C57229BCCE90069DDFE /* input_controller.cpp */ = {isa = PBXFileReference; fileEncoding = 4; lastKnownFileType = sourcecode.cpp.cpp; path = input_controller.cpp; sourceTree = "<group>"; };
		583A5C59229BCCE90069DDFE /* audio_helper.h */ = {isa = PBXFileReference; fileEncoding = 4; lastKnownFileType = sourcecode.c.h; path = audio_helper.h; sourceTree = "<group>"; };
		583A5C5A229BCCE90069DDFE /* audio_helper.cpp */ = {isa = PBXFileReference; fileEncoding = 4; lastKnownFileType = sourcecode.cpp.cpp; path = audio_helper.cpp; sourceTree = "<group>"; };
		583A5C5C229BCCE90069DDFE /* physics_shape_cache.cpp */ = {isa = PBXFileReference; fileEncoding = 4; lastKnownFileType = sourcecode.cpp.cpp; path = physics_shape_cache.cpp; sourceTree = "<group>"; };
		583A5C5D229BCCE90069DDFE /* physics_tiled_scene.h */ = {isa = PBXFileReference; fileEncoding = 4; lastKnownFileType = sourcecode.c.h; path = physics_tiled_scene.h; sourceTree = "<group>"; };
		583A5C5E229BCCE90069DDFE /* physics_game_object.cpp */ = {isa = PBXFileReference; fileEncoding = 4; lastKnownFileType = sourcecode.cpp.cpp; path = physics_game_object.cpp; sourceTree = "<group>"; };
		583A5C5F229BCCE90069DDFE /* physics_shape_cache.h */ = {isa = PBXFileReference; fileEncoding = 4; lastKnownFileType = sourcecode.c.h; path = physics_shape_cache.h; sourceTree = "<group>"; };
		583A5C60229BCCE90069DDFE /* physics_tiled_scene.cpp */ = {isa = PBXFileReference; fileEncoding = 4; lastKnownFileType = sourcecode.cpp.cpp; path = physics_tiled_scene.cpp; sourceTree = "<group>"; };
		583A5C61229BCCE90069DDFE /* physics_game_object.h */ = {isa = PBXFileReference; fileEncoding = 4; lastKnownFileType = sourcecode.c.h; path = physics_game_object.h; sourceTree = "<group>"; };
		583A5C64229BCCE90069DDFE /* basic_app.cpp */ = {isa = PBXFileReference; fileEncoding = 4; lastKnownFileType = sourcecode.cpp.cpp; path = basic_app.cpp; sourceTree = "<group>"; };
		583A5C65229BCCE90069DDFE /* basic_app.h */ = {isa = PBXFileReference; fileEncoding = 4; lastKnownFileType = sourcecode.c.h; path = basic_app.h; sourceTree = "<group>"; };
		583A5C67229BCCE90069DDFE /* game_object.h */ = {isa = PBXFileReference; fileEncoding = 4; lastKnownFileType = sourcecode.c.h; path = game_object.h; sourceTree = "<group>"; };
		583A5C68229BCCE90069DDFE /* game_object.cpp */ = {isa = PBXFileReference; fileEncoding = 4; lastKnownFileType = sourcecode.cpp.cpp; path = game_object.cpp; sourceTree = "<group>"; };
		583A5C6A229BCCE90069DDFE /* grid_scene.cpp */ = {isa = PBXFileReference; fileEncoding = 4; lastKnownFileType = sourcecode.cpp.cpp; path = grid_scene.cpp; sourceTree = "<group>"; };
		583A5C6B229BCCE90069DDFE /* grid_scene.h */ = {isa = PBXFileReference; fileEncoding = 4; lastKnownFileType = sourcecode.c.h; path = grid_scene.h; sourceTree = "<group>"; };
		583A5C6C229BCCE90069DDFE /* basic_scene.h */ = {isa = PBXFileReference; fileEncoding = 4; lastKnownFileType = sourcecode.c.h; path = basic_scene.h; sourceTree = "<group>"; };
		583A5C6D229BCCE90069DDFE /* basic_scene.cpp */ = {isa = PBXFileReference; fileEncoding = 4; lastKnownFileType = sourcecode.cpp.cpp; path = basic_scene.cpp; sourceTree = "<group>"; };
		583A5C6E229BCCE90069DDFE /* tiled_scene.h */ = {isa = PBXFileReference; fileEncoding = 4; lastKnownFileType = sourcecode.c.h; path = tiled_scene.h; sourceTree = "<group>"; };
		583A5C6F229BCCE90069DDFE /* tiled_scene.cpp */ = {isa = PBXFileReference; fileEncoding = 4; lastKnownFileType = sourcecode.cpp.cpp; path = tiled_scene.cpp; sourceTree = "<group>"; };
		583A5C70229BCCE90069DDFE /* laser_and_bots_app.cpp */ = {isa = PBXFileReference; fileEncoding = 4; lastKnownFileType = sourcecode.cpp.cpp; path = laser_and_bots_app.cpp; sourceTree = "<group>"; };
		583A5C72229BCCE90069DDFE /* laser_object.cpp */ = {isa = PBXFileReference; fileEncoding = 4; lastKnownFileType = sourcecode.cpp.cpp; path = laser_object.cpp; sourceTree = "<group>"; };
		583A5C73229BCCE90069DDFE /* harm_object.cpp */ = {isa = PBXFileReference; fileEncoding = 4; lastKnownFileType = sourcecode.cpp.cpp; path = harm_object.cpp; sourceTree = "<group>"; };
		583A5C74229BCCE90069DDFE /* robot_fragment.h */ = {isa = PBXFileReference; fileEncoding = 4; lastKnownFileType = sourcecode.c.h; path = robot_fragment.h; sourceTree = "<group>"; };
		583A5C75229BCCE90069DDFE /* barrel_object.cpp */ = {isa = PBXFileReference; fileEncoding = 4; lastKnownFileType = sourcecode.cpp.cpp; path = barrel_object.cpp; sourceTree = "<group>"; };
		583A5C76229BCCE90069DDFE /* laser_object.h */ = {isa = PBXFileReference; fileEncoding = 4; lastKnownFileType = sourcecode.c.h; path = laser_object.h; sourceTree = "<group>"; };
		583A5C77229BCCE90069DDFE /* door_object.cpp */ = {isa = PBXFileReference; fileEncoding = 4; lastKnownFileType = sourcecode.cpp.cpp; path = door_object.cpp; sourceTree = "<group>"; };
		583A5C78229BCCE90069DDFE /* robot_fragment.cpp */ = {isa = PBXFileReference; fileEncoding = 4; lastKnownFileType = sourcecode.cpp.cpp; path = robot_fragment.cpp; sourceTree = "<group>"; };
		583A5C79229BCCE90069DDFE /* box_object.h */ = {isa = PBXFileReference; fileEncoding = 4; lastKnownFileType = sourcecode.c.h; path = box_object.h; sourceTree = "<group>"; };
		583A5C7A229BCCE90069DDFE /* switch_object.cpp */ = {isa = PBXFileReference; fileEncoding = 4; lastKnownFileType = sourcecode.cpp.cpp; path = switch_object.cpp; sourceTree = "<group>"; };
		583A5C7B229BCCE90069DDFE /* barrel_object.h */ = {isa = PBXFileReference; fileEncoding = 4; lastKnownFileType = sourcecode.c.h; path = barrel_object.h; sourceTree = "<group>"; };
		583A5C7C229BCCE90069DDFE /* box_object.cpp */ = {isa = PBXFileReference; fileEncoding = 4; lastKnownFileType = sourcecode.cpp.cpp; path = box_object.cpp; sourceTree = "<group>"; };
		583A5C7D229BCCE90069DDFE /* harm_object.h */ = {isa = PBXFileReference; fileEncoding = 4; lastKnownFileType = sourcecode.c.h; path = harm_object.h; sourceTree = "<group>"; };
		583A5C7E229BCCE90069DDFE /* robot_object.h */ = {isa = PBXFileReference; fileEncoding = 4; lastKnownFileType = sourcecode.c.h; path = robot_object.h; sourceTree = "<group>"; };
		583A5C7F229BCCE90069DDFE /* saw_object.cpp */ = {isa = PBXFileReference; fileEncoding = 4; lastKnownFileType = sourcecode.cpp.cpp; path = saw_object.cpp; sourceTree = "<group>"; };
		583A5C80229BCCE90069DDFE /* switch_object.h */ = {isa = PBXFileReference; fileEncoding = 4; lastKnownFileType = sourcecode.c.h; path = switch_object.h; sourceTree = "<group>"; };
		583A5C81229BCCE90069DDFE /* door_object.h */ = {isa = PBXFileReference; fileEncoding = 4; lastKnownFileType = sourcecode.c.h; path = door_object.h; sourceTree = "<group>"; };
		583A5C82229BCCE90069DDFE /* saw_object.h */ = {isa = PBXFileReference; fileEncoding = 4; lastKnownFileType = sourcecode.c.h; path = saw_object.h; sourceTree = "<group>"; };
		583A5C83229BCCE90069DDFE /* robot_object.cpp */ = {isa = PBXFileReference; fileEncoding = 4; lastKnownFileType = sourcecode.cpp.cpp; path = robot_object.cpp; sourceTree = "<group>"; };
		583A5C85229BCCE90069DDFE /* options_menu.cpp */ = {isa = PBXFileReference; fileEncoding = 4; lastKnownFileType = sourcecode.cpp.cpp; path = options_menu.cpp; sourceTree = "<group>"; };
		583A5C86229BCCE90069DDFE /* main_menu.cpp */ = {isa = PBXFileReference; fileEncoding = 4; lastKnownFileType = sourcecode.cpp.cpp; path = main_menu.cpp; sourceTree = "<group>"; };
		583A5C87229BCCE90069DDFE /* credits_menu.h */ = {isa = PBXFileReference; fileEncoding = 4; lastKnownFileType = sourcecode.c.h; path = credits_menu.h; sourceTree = "<group>"; };
		583A5C88229BCCE90069DDFE /* credits_menu.cpp */ = {isa = PBXFileReference; fileEncoding = 4; lastKnownFileType = sourcecode.cpp.cpp; path = credits_menu.cpp; sourceTree = "<group>"; };
		583A5C89229BCCE90069DDFE /* options_menu.h */ = {isa = PBXFileReference; fileEncoding = 4; lastKnownFileType = sourcecode.c.h; path = options_menu.h; sourceTree = "<group>"; };
		583A5C8A229BCCE90069DDFE /* basic_menu.cpp */ = {isa = PBXFileReference; fileEncoding = 4; lastKnownFileType = sourcecode.cpp.cpp; path = basic_menu.cpp; sourceTree = "<group>"; };
		583A5C8B229BCCE90069DDFE /* play_menu.cpp */ = {isa = PBXFileReference; fileEncoding = 4; lastKnownFileType = sourcecode.cpp.cpp; path = play_menu.cpp; sourceTree = "<group>"; };
		583A5C8C229BCCE90069DDFE /* basic_menu.h */ = {isa = PBXFileReference; fileEncoding = 4; lastKnownFileType = sourcecode.c.h; path = basic_menu.h; sourceTree = "<group>"; };
		583A5C8D229BCCE90069DDFE /* main_menu.h */ = {isa = PBXFileReference; fileEncoding = 4; lastKnownFileType = sourcecode.c.h; path = main_menu.h; sourceTree = "<group>"; };
		583A5C8E229BCCE90069DDFE /* play_menu.h */ = {isa = PBXFileReference; fileEncoding = 4; lastKnownFileType = sourcecode.c.h; path = play_menu.h; sourceTree = "<group>"; };
		583A5C90229BCCE90069DDFE /* slider_object.cpp */ = {isa = PBXFileReference; fileEncoding = 4; lastKnownFileType = sourcecode.cpp.cpp; path = slider_object.cpp; sourceTree = "<group>"; };
		583A5C91229BCCE90069DDFE /* text_button.h */ = {isa = PBXFileReference; fileEncoding = 4; lastKnownFileType = sourcecode.c.h; path = text_button.h; sourceTree = "<group>"; };
		583A5C92229BCCE90069DDFE /* text_toggle.h */ = {isa = PBXFileReference; fileEncoding = 4; lastKnownFileType = sourcecode.c.h; path = text_toggle.h; sourceTree = "<group>"; };
		583A5C93229BCCE90069DDFE /* game_ui.cpp */ = {isa = PBXFileReference; fileEncoding = 4; lastKnownFileType = sourcecode.cpp.cpp; path = game_ui.cpp; sourceTree = "<group>"; };
		583A5C94229BCCE90069DDFE /* virtual_joy_stick.h */ = {isa = PBXFileReference; fileEncoding = 4; lastKnownFileType = sourcecode.c.h; path = virtual_joy_stick.h; sourceTree = "<group>"; };
		583A5C95229BCCE90069DDFE /* slider_object.h */ = {isa = PBXFileReference; fileEncoding = 4; lastKnownFileType = sourcecode.c.h; path = slider_object.h; sourceTree = "<group>"; };
		583A5C96229BCCE90069DDFE /* pause_window.cpp */ = {isa = PBXFileReference; fileEncoding = 4; lastKnownFileType = sourcecode.cpp.cpp; path = pause_window.cpp; sourceTree = "<group>"; };
		583A5C97229BCCE90069DDFE /* level_completed.cpp */ = {isa = PBXFileReference; fileEncoding = 4; lastKnownFileType = sourcecode.cpp.cpp; path = level_completed.cpp; sourceTree = "<group>"; };
		583A5C98229BCCE90069DDFE /* message_window.cpp */ = {isa = PBXFileReference; fileEncoding = 4; lastKnownFileType = sourcecode.cpp.cpp; path = message_window.cpp; sourceTree = "<group>"; };
		583A5C99229BCCE90069DDFE /* on_screen_button.h */ = {isa = PBXFileReference; fileEncoding = 4; lastKnownFileType = sourcecode.c.h; path = on_screen_button.h; sourceTree = "<group>"; };
		583A5C9A229BCCE90069DDFE /* on_screen_button.cpp */ = {isa = PBXFileReference; fileEncoding = 4; lastKnownFileType = sourcecode.cpp.cpp; path = on_screen_button.cpp; sourceTree = "<group>"; };
		583A5C9B229BCCE90069DDFE /* level_completed.h */ = {isa = PBXFileReference; fileEncoding = 4; lastKnownFileType = sourcecode.c.h; path = level_completed.h; sourceTree = "<group>"; };
		583A5C9C229BCCE90069DDFE /* game_ui.h */ = {isa = PBXFileReference; fileEncoding = 4; lastKnownFileType = sourcecode.c.h; path = game_ui.h; sourceTree = "<group>"; };
		583A5C9D229BCCE90069DDFE /* resizable_window.cpp */ = {isa = PBXFileReference; fileEncoding = 4; lastKnownFileType = sourcecode.cpp.cpp; path = resizable_window.cpp; sourceTree = "<group>"; };
		583A5C9E229BCCE90069DDFE /* virtual_joy_stick.cpp */ = {isa = PBXFileReference; fileEncoding = 4; lastKnownFileType = sourcecode.cpp.cpp; path = virtual_joy_stick.cpp; sourceTree = "<group>"; };
		583A5C9F229BCCE90069DDFE /* text_toggle.cpp */ = {isa = PBXFileReference; fileEncoding = 4; lastKnownFileType = sourcecode.cpp.cpp; path = text_toggle.cpp; sourceTree = "<group>"; };
		583A5CA0229BCCE90069DDFE /* text_button.cpp */ = {isa = PBXFileReference; fileEncoding = 4; lastKnownFileType = sourcecode.cpp.cpp; path = text_button.cpp; sourceTree = "<group>"; };
		583A5CA1229BCCE90069DDFE /* pause_window.h */ = {isa = PBXFileReference; fileEncoding = 4; lastKnownFileType = sourcecode.c.h; path = pause_window.h; sourceTree = "<group>"; };
		583A5CA2229BCCE90069DDFE /* message_window.h */ = {isa = PBXFileReference; fileEncoding = 4; lastKnownFileType = sourcecode.c.h; path = message_window.h; sourceTree = "<group>"; };
		583A5CA3229BCCE90069DDFE /* resizable_window.h */ = {isa = PBXFileReference; fileEncoding = 4; lastKnownFileType = sourcecode.c.h; path = resizable_window.h; sourceTree = "<group>"; };
		583A5CA5229BCCE90069DDFE /* menu_scene.h */ = {isa = PBXFileReference; fileEncoding = 4; lastKnownFileType = sourcecode.c.h; path = menu_scene.h; sourceTree = "<group>"; };
		583A5CA6229BCCE90069DDFE /* menu_scene.cpp */ = {isa = PBXFileReference; fileEncoding = 4; lastKnownFileType = sourcecode.cpp.cpp; path = menu_scene.cpp; sourceTree = "<group>"; };
		583A5CA7229BCCE90069DDFE /* loading_scene.cpp */ = {isa = PBXFileReference; fileEncoding = 4; lastKnownFileType = sourcecode.cpp.cpp; path = loading_scene.cpp; sourceTree = "<group>"; };
		583A5CA8229BCCE90069DDFE /* loading_scene.h */ = {isa = PBXFileReference; fileEncoding = 4; lastKnownFileType = sourcecode.c.h; path = loading_scene.h; sourceTree = "<group>"; };
		583A5CA9229BCCE90069DDFE /* game_scene.h */ = {isa = PBXFileReference; fileEncoding = 4; lastKnownFileType = sourcecode.c.h; path = game_scene.h; sourceTree = "<group>"; };
		583A5CAA229BCCE90069DDFE /* game_scene.cpp */ = {isa = PBXFileReference; fileEncoding = 4; lastKnownFileType = sourcecode.cpp.cpp; path = game_scene.cpp; sourceTree = "<group>"; };
		583A5CAC229BCCE90069DDFE /* level_manager.h */ = {isa = PBXFileReference; fileEncoding = 4; lastKnownFileType = sourcecode.c.h; path = level_manager.h; sourceTree = "<group>"; };
		583A5CAD229BCCE90069DDFE /* level_manager.cpp */ = {isa = PBXFileReference; fileEncoding = 4; lastKnownFileType = sourcecode.cpp.cpp; path = level_manager.cpp; sourceTree = "<group>"; };
		583A5CAE229BCCE90069DDFE /* laser_and_bots_app.h */ = {isa = PBXFileReference; fileEncoding = 4; lastKnownFileType = sourcecode.c.h; path = laser_and_bots_app.h; sourceTree = "<group>"; };
		583A5D01229BCD0C0069DDFE /* robot */ = {isa = PBXFileReference; lastKnownFileType = folder; path = robot; sourceTree = "<group>"; };
		583A5D02229BCD0C0069DDFE /* shapes */ = {isa = PBXFileReference; lastKnownFileType = folder; path = shapes; sourceTree = "<group>"; };
		583A5D03229BCD0C0069DDFE /* version */ = {isa = PBXFileReference; lastKnownFileType = folder; path = version; sourceTree = "<group>"; };
		583A5D04229BCD0C0069DDFE /* maps */ = {isa = PBXFileReference; lastKnownFileType = folder; path = maps; sourceTree = "<group>"; };
		583A5D05229BCD0C0069DDFE /* res */ = {isa = PBXFileReference; lastKnownFileType = folder; path = res; sourceTree = "<group>"; };
		583A5D06229BCD0C0069DDFE /* levels */ = {isa = PBXFileReference; lastKnownFileType = folder; path = levels; sourceTree = "<group>"; };
		583A5D07229BCD0C0069DDFE /* ui */ = {isa = PBXFileReference; lastKnownFileType = folder; path = ui; sourceTree = "<group>"; };
		583A5D08229BCD0C0069DDFE /* credits */ = {isa = PBXFileReference; lastKnownFileType = folder; path = credits; sourceTree = "<group>"; };
		583A5D09229BCD0C0069DDFE /* objects */ = {isa = PBXFileReference; lastKnownFileType = folder; path = objects; sourceTree = "<group>"; };
		583A5D0A229BCD0C0069DDFE /* sounds */ = {isa = PBXFileReference; lastKnownFileType = folder; path = sounds; sourceTree = "<group>"; };
		583A5D0B229BCD0C0069DDFE /* fonts */ = {isa = PBXFileReference; lastKnownFileType = folder; path = fonts; sourceTree = "<group>"; };
		583A5D22229BCEF80069DDFE /* GameController.framework */ = {isa = PBXFileReference; lastKnownFileType = wrapper.framework; name = GameController.framework; path = System/Library/Frameworks/GameController.framework; sourceTree = SDKROOT; };
		58CF7AAF229C41F700421F37 /* about_menu.cpp */ = {isa = PBXFileReference; fileEncoding = 4; lastKnownFileType = sourcecode.cpp.cpp; path = about_menu.cpp; sourceTree = "<group>"; };
		58CF7AB1229C41F700421F37 /* about_menu.h */ = {isa = PBXFileReference; fileEncoding = 4; lastKnownFileType = sourcecode.c.h; path = about_menu.h; sourceTree = "<group>"; };
		8262943D1AAF051F00CB7CF7 /* Security.framework */ = {isa = PBXFileReference; lastKnownFileType = wrapper.framework; name = Security.framework; path = System/Library/Frameworks/Security.framework; sourceTree = SDKROOT; };
		BF170DB012928DE900B8313A /* OpenGLES.framework */ = {isa = PBXFileReference; lastKnownFileType = wrapper.framework; name = OpenGLES.framework; path = System/Library/Frameworks/OpenGLES.framework; sourceTree = SDKROOT; };
		BF170DB412928DE900B8313A /* libz.dylib */ = {isa = PBXFileReference; lastKnownFileType = "compiled.mach-o.dylib"; name = libz.dylib; path = usr/lib/libz.dylib; sourceTree = SDKROOT; };
		BF1C47EA1293683800B63C5D /* QuartzCore.framework */ = {isa = PBXFileReference; lastKnownFileType = wrapper.framework; name = QuartzCore.framework; path = System/Library/Frameworks/QuartzCore.framework; sourceTree = SDKROOT; };
		D44C620B132DFF330009C878 /* OpenAL.framework */ = {isa = PBXFileReference; lastKnownFileType = wrapper.framework; name = OpenAL.framework; path = System/Library/Frameworks/OpenAL.framework; sourceTree = SDKROOT; };
		D44C620D132DFF430009C878 /* AVFoundation.framework */ = {isa = PBXFileReference; lastKnownFileType = wrapper.framework; name = AVFoundation.framework; path = System/Library/Frameworks/AVFoundation.framework; sourceTree = SDKROOT; };
		D44C620F132DFF4E0009C878 /* AudioToolbox.framework */ = {isa = PBXFileReference; lastKnownFileType = wrapper.framework; name = AudioToolbox.framework; path = System/Library/Frameworks/AudioToolbox.framework; sourceTree = SDKROOT; };
		D6B0611A1803AB670077942B /* CoreMotion.framework */ = {isa = PBXFileReference; lastKnownFileType = wrapper.framework; name = CoreMotion.framework; path = Platforms/iPhoneOS.platform/Developer/SDKs/iPhoneOS.sdk/System/Library/Frameworks/CoreMotion.framework; sourceTree = DEVELOPER_DIR; };
		ED545A7B1B68A1F400C3958E /* libiconv.dylib */ = {isa = PBXFileReference; lastKnownFileType = "compiled.mach-o.dylib"; name = libiconv.dylib; path = Platforms/iPhoneOS.platform/Developer/SDKs/iPhoneOS.sdk/usr/lib/libiconv.dylib; sourceTree = DEVELOPER_DIR; };
		ED545A7D1B68A1FA00C3958E /* libiconv.dylib */ = {isa = PBXFileReference; lastKnownFileType = "compiled.mach-o.dylib"; name = libiconv.dylib; path = usr/lib/libiconv.dylib; sourceTree = SDKROOT; };
/* End PBXFileReference section */

/* Begin PBXFrameworksBuildPhase section */
		1D60588F0D05DD3D006BFB54 /* Frameworks */ = {
			isa = PBXFrameworksBuildPhase;
			buildActionMask = 2147483647;
			files = (
				294D0D641D0D56D500F7F5D4 /* CoreText.framework in Frameworks */,
				ED545A7C1B68A1F400C3958E /* libiconv.dylib in Frameworks */,
				52B47A471A53D09C004E4C60 /* Security.framework in Frameworks */,
				1AC6FB30180E99EB004C840B /* libcocos2d iOS.a in Frameworks */,
				D6B0611B1803AB670077942B /* CoreMotion.framework in Frameworks */,
				1D60589F0D05DD5A006BFB54 /* Foundation.framework in Frameworks */,
				1DF5F4E00D08C38300B7A737 /* UIKit.framework in Frameworks */,
				288765A50DF7441C002DB57D /* CoreGraphics.framework in Frameworks */,
				BF171245129291EC00B8313A /* OpenGLES.framework in Frameworks */,
				BF1712471292920000B8313A /* libz.dylib in Frameworks */,
				BF1C47F01293687400B63C5D /* QuartzCore.framework in Frameworks */,
				D44C620C132DFF330009C878 /* OpenAL.framework in Frameworks */,
				D44C620E132DFF430009C878 /* AVFoundation.framework in Frameworks */,
				D44C6210132DFF4E0009C878 /* AudioToolbox.framework in Frameworks */,
			);
			runOnlyForDeploymentPostprocessing = 0;
		};
		5087E75C17EB910900C73F5D /* Frameworks */ = {
			isa = PBXFrameworksBuildPhase;
			buildActionMask = 2147483647;
			files = (
				583A5D23229BCEF80069DDFE /* GameController.framework in Frameworks */,
				ED545A7E1B68A1FA00C3958E /* libiconv.dylib in Frameworks */,
				1AC6FB21180E996B004C840B /* libcocos2d Mac.a in Frameworks */,
				5087E76717EB910900C73F5D /* libz.dylib in Frameworks */,
				8262943E1AAF051F00CB7CF7 /* Security.framework in Frameworks */,
				503AE11B17EB9C5A00D1A890 /* IOKit.framework in Frameworks */,
				5087E78B17EB975400C73F5D /* OpenGL.framework in Frameworks */,
				5087E78917EB974C00C73F5D /* AppKit.framework in Frameworks */,
				5087E76317EB910900C73F5D /* Foundation.framework in Frameworks */,
				5087E76817EB910900C73F5D /* QuartzCore.framework in Frameworks */,
				5087E76917EB910900C73F5D /* OpenAL.framework in Frameworks */,
				5087E76A17EB910900C73F5D /* AVFoundation.framework in Frameworks */,
				5087E76B17EB910900C73F5D /* AudioToolbox.framework in Frameworks */,
			);
			runOnlyForDeploymentPostprocessing = 0;
		};
/* End PBXFrameworksBuildPhase section */

/* Begin PBXGroup section */
		19C28FACFE9D520D11CA2CBB /* Products */ = {
			isa = PBXGroup;
			children = (
				1D6058910D05DD3D006BFB54 /* lasers-and-bots-mobile.app */,
				5087E76F17EB910900C73F5D /* lasers-and-bots-desktop.app */,
			);
			name = Products;
			sourceTree = "<group>";
		};
		1AC6FAE6180E9839004C840B /* Products */ = {
			isa = PBXGroup;
			children = (
				1AC6FAF9180E9839004C840B /* libcocos2d Mac.a */,
				1AC6FB07180E9839004C840B /* libcocos2d iOS.a */,
				1A7533E31F6F75F6007E8E6F /* libcocos2d tvOS.a */,
			);
			name = Products;
			sourceTree = "<group>";
		};
		1AF87B461F6F77D6007BE51C /* ios */ = {
			isa = PBXGroup;
			children = (
				1A88B2631FC3D9C9005C14AE /* Images.xcassets */,
				1AF87B471F6F77D6007BE51C /* AppController.h */,
				1AF87B481F6F77D6007BE51C /* AppController.mm */,
				1AF87B581F6F77D6007BE51C /* Info.plist */,
				1AF87B591F6F77D6007BE51C /* LaunchScreen.storyboard */,
				1AF87B5A1F6F77D6007BE51C /* LaunchScreenBackground.png */,
				1AF87B5B1F6F77D6007BE51C /* main.m */,
				1AF87B5C1F6F77D6007BE51C /* Prefix.pch */,
				1AF87B5D1F6F77D6007BE51C /* RootViewController.h */,
				1AF87B5E1F6F77D6007BE51C /* RootViewController.mm */,
			);
			path = ios;
			sourceTree = "<group>";
		};
		29B97314FDCFA39411CA2CEA /* CustomTemplate */ = {
			isa = PBXGroup;
			children = (
				46880B8319C43A87006E1F66 /* Classes */,
				46880B7519C43A67006E1F66 /* Resources */,
				1AC6FAE5180E9839004C840B /* cocos2d_libs.xcodeproj */,
				29B97323FDCFA39411CA2CEA /* Frameworks */,
				1AF87B461F6F77D6007BE51C /* ios */,
				503AE10617EB990700D1A890 /* mac */,
				19C28FACFE9D520D11CA2CBB /* Products */,
			);
			name = CustomTemplate;
			sourceTree = "<group>";
		};
		29B97323FDCFA39411CA2CEA /* Frameworks */ = {
			isa = PBXGroup;
			children = (
				583A5D22229BCEF80069DDFE /* GameController.framework */,
				294D0D631D0D56D500F7F5D4 /* CoreText.framework */,
				ED545A7D1B68A1FA00C3958E /* libiconv.dylib */,
				ED545A7B1B68A1F400C3958E /* libiconv.dylib */,
				8262943D1AAF051F00CB7CF7 /* Security.framework */,
				52B47A461A53D09B004E4C60 /* Security.framework */,
				D6B0611A1803AB670077942B /* CoreMotion.framework */,
				503AE11A17EB9C5A00D1A890 /* IOKit.framework */,
				503AE11117EB99EE00D1A890 /* libcurl.dylib */,
				5087E78A17EB975400C73F5D /* OpenGL.framework */,
				5087E78817EB974C00C73F5D /* AppKit.framework */,
				1ACB3243164770DE00914215 /* libcurl.a */,
				BF170DB412928DE900B8313A /* libz.dylib */,
				D44C620F132DFF4E0009C878 /* AudioToolbox.framework */,
				D44C620D132DFF430009C878 /* AVFoundation.framework */,
				288765A40DF7441C002DB57D /* CoreGraphics.framework */,
				1D30AB110D05D00D00671497 /* Foundation.framework */,
				D44C620B132DFF330009C878 /* OpenAL.framework */,
				BF170DB012928DE900B8313A /* OpenGLES.framework */,
				BF1C47EA1293683800B63C5D /* QuartzCore.framework */,
				1DF5F4DF0D08C38300B7A737 /* UIKit.framework */,
			);
			name = Frameworks;
			sourceTree = "<group>";
		};
		46880B7519C43A67006E1F66 /* Resources */ = {
			isa = PBXGroup;
			children = (
				583A5D08229BCD0C0069DDFE /* credits */,
				583A5D0B229BCD0C0069DDFE /* fonts */,
				583A5D06229BCD0C0069DDFE /* levels */,
				583A5D04229BCD0C0069DDFE /* maps */,
				583A5D09229BCD0C0069DDFE /* objects */,
				583A5D05229BCD0C0069DDFE /* res */,
				583A5D01229BCD0C0069DDFE /* robot */,
				583A5D02229BCD0C0069DDFE /* shapes */,
				583A5D0A229BCD0C0069DDFE /* sounds */,
				583A5D07229BCD0C0069DDFE /* ui */,
				583A5D03229BCD0C0069DDFE /* version */,
			);
			name = Resources;
			path = ../Resources;
			sourceTree = "<group>";
		};
		46880B8319C43A87006E1F66 /* Classes */ = {
			isa = PBXGroup;
			children = (
				583A5C71229BCCE90069DDFE /* game */,
				583A5C70229BCCE90069DDFE /* laser_and_bots_app.cpp */,
				583A5CAE229BCCE90069DDFE /* laser_and_bots_app.h */,
				583A5C84229BCCE90069DDFE /* menu */,
				583A5CAB229BCCE90069DDFE /* misc */,
				583A5CA4229BCCE90069DDFE /* scenes */,
				583A5C8F229BCCE90069DDFE /* ui */,
				583A5C51229BCCE90069DDFE /* utils */,
			);
			name = Classes;
			path = ../Classes;
			sourceTree = "<group>";
		};
		503AE0F517EB97AB00D1A890 /* Icons */ = {
			isa = PBXGroup;
			children = (
				503AE0F617EB97AB00D1A890 /* Icon.icns */,
				503AE0F717EB97AB00D1A890 /* Info.plist */,
			);
			name = Icons;
			path = mac;
			sourceTree = SOURCE_ROOT;
		};
		503AE10617EB990700D1A890 /* mac */ = {
			isa = PBXGroup;
			children = (
				503AE0F517EB97AB00D1A890 /* Icons */,
				503AE10317EB98FF00D1A890 /* main.cpp */,
				503AE10417EB98FF00D1A890 /* Prefix.pch */,
			);
			name = mac;
			sourceTree = "<group>";
		};
		583A5C51229BCCE90069DDFE /* utils */ = {
			isa = PBXGroup;
			children = (
				583A5C52229BCCE90069DDFE /* cocos2dClass.snippet */,
				583A5C53229BCCE90069DDFE /* utils.h */,
				583A5C54229BCCE90069DDFE /* utils.cpp */,
				583A5C55229BCCE90069DDFE /* controller */,
				583A5C58229BCCE90069DDFE /* audio */,
				583A5C5B229BCCE90069DDFE /* physics */,
				583A5C62229BCCE90069DDFE /* base */,
			);
			path = utils;
			sourceTree = "<group>";
		};
		583A5C55229BCCE90069DDFE /* controller */ = {
			isa = PBXGroup;
			children = (
				583A5C56229BCCE90069DDFE /* input_controller.h */,
				583A5C57229BCCE90069DDFE /* input_controller.cpp */,
			);
			path = controller;
			sourceTree = "<group>";
		};
		583A5C58229BCCE90069DDFE /* audio */ = {
			isa = PBXGroup;
			children = (
				583A5C59229BCCE90069DDFE /* audio_helper.h */,
				583A5C5A229BCCE90069DDFE /* audio_helper.cpp */,
			);
			path = audio;
			sourceTree = "<group>";
		};
		583A5C5B229BCCE90069DDFE /* physics */ = {
			isa = PBXGroup;
			children = (
				583A5C5C229BCCE90069DDFE /* physics_shape_cache.cpp */,
				583A5C5D229BCCE90069DDFE /* physics_tiled_scene.h */,
				583A5C5E229BCCE90069DDFE /* physics_game_object.cpp */,
				583A5C5F229BCCE90069DDFE /* physics_shape_cache.h */,
				583A5C60229BCCE90069DDFE /* physics_tiled_scene.cpp */,
				583A5C61229BCCE90069DDFE /* physics_game_object.h */,
			);
			path = physics;
			sourceTree = "<group>";
		};
		583A5C62229BCCE90069DDFE /* base */ = {
			isa = PBXGroup;
			children = (
				583A5C63229BCCE90069DDFE /* app */,
				583A5C66229BCCE90069DDFE /* sprite */,
				583A5C69229BCCE90069DDFE /* scene */,
			);
			path = base;
			sourceTree = "<group>";
		};
		583A5C63229BCCE90069DDFE /* app */ = {
			isa = PBXGroup;
			children = (
				583A5C64229BCCE90069DDFE /* basic_app.cpp */,
				583A5C65229BCCE90069DDFE /* basic_app.h */,
			);
			path = app;
			sourceTree = "<group>";
		};
		583A5C66229BCCE90069DDFE /* sprite */ = {
			isa = PBXGroup;
			children = (
				583A5C67229BCCE90069DDFE /* game_object.h */,
				583A5C68229BCCE90069DDFE /* game_object.cpp */,
			);
			path = sprite;
			sourceTree = "<group>";
		};
		583A5C69229BCCE90069DDFE /* scene */ = {
			isa = PBXGroup;
			children = (
				583A5C6A229BCCE90069DDFE /* grid_scene.cpp */,
				583A5C6B229BCCE90069DDFE /* grid_scene.h */,
				583A5C6C229BCCE90069DDFE /* basic_scene.h */,
				583A5C6D229BCCE90069DDFE /* basic_scene.cpp */,
				583A5C6E229BCCE90069DDFE /* tiled_scene.h */,
				583A5C6F229BCCE90069DDFE /* tiled_scene.cpp */,
			);
			path = scene;
			sourceTree = "<group>";
		};
		583A5C71229BCCE90069DDFE /* game */ = {
			isa = PBXGroup;
			children = (
				583A5C72229BCCE90069DDFE /* laser_object.cpp */,
				583A5C73229BCCE90069DDFE /* harm_object.cpp */,
				583A5C74229BCCE90069DDFE /* robot_fragment.h */,
				583A5C75229BCCE90069DDFE /* barrel_object.cpp */,
				583A5C76229BCCE90069DDFE /* laser_object.h */,
				583A5C77229BCCE90069DDFE /* door_object.cpp */,
				583A5C78229BCCE90069DDFE /* robot_fragment.cpp */,
				583A5C79229BCCE90069DDFE /* box_object.h */,
				583A5C7A229BCCE90069DDFE /* switch_object.cpp */,
				583A5C7B229BCCE90069DDFE /* barrel_object.h */,
				583A5C7C229BCCE90069DDFE /* box_object.cpp */,
				583A5C7D229BCCE90069DDFE /* harm_object.h */,
				583A5C7E229BCCE90069DDFE /* robot_object.h */,
				583A5C7F229BCCE90069DDFE /* saw_object.cpp */,
				583A5C80229BCCE90069DDFE /* switch_object.h */,
				583A5C81229BCCE90069DDFE /* door_object.h */,
				583A5C82229BCCE90069DDFE /* saw_object.h */,
				583A5C83229BCCE90069DDFE /* robot_object.cpp */,
			);
			path = game;
			sourceTree = "<group>";
		};
		583A5C84229BCCE90069DDFE /* menu */ = {
			isa = PBXGroup;
			children = (
				58CF7AAF229C41F700421F37 /* about_menu.cpp */,
				58CF7AB1229C41F700421F37 /* about_menu.h */,
				583A5C85229BCCE90069DDFE /* options_menu.cpp */,
				583A5C86229BCCE90069DDFE /* main_menu.cpp */,
				583A5C87229BCCE90069DDFE /* credits_menu.h */,
				583A5C88229BCCE90069DDFE /* credits_menu.cpp */,
				583A5C89229BCCE90069DDFE /* options_menu.h */,
				583A5C8A229BCCE90069DDFE /* basic_menu.cpp */,
				583A5C8B229BCCE90069DDFE /* play_menu.cpp */,
				583A5C8C229BCCE90069DDFE /* basic_menu.h */,
				583A5C8D229BCCE90069DDFE /* main_menu.h */,
				583A5C8E229BCCE90069DDFE /* play_menu.h */,
			);
			path = menu;
			sourceTree = "<group>";
		};
		583A5C8F229BCCE90069DDFE /* ui */ = {
			isa = PBXGroup;
			children = (
				583A5C90229BCCE90069DDFE /* slider_object.cpp */,
				583A5C91229BCCE90069DDFE /* text_button.h */,
				583A5C92229BCCE90069DDFE /* text_toggle.h */,
				583A5C93229BCCE90069DDFE /* game_ui.cpp */,
				583A5C94229BCCE90069DDFE /* virtual_joy_stick.h */,
				583A5C95229BCCE90069DDFE /* slider_object.h */,
				583A5C96229BCCE90069DDFE /* pause_window.cpp */,
				583A5C97229BCCE90069DDFE /* level_completed.cpp */,
				583A5C98229BCCE90069DDFE /* message_window.cpp */,
				583A5C99229BCCE90069DDFE /* on_screen_button.h */,
				583A5C9A229BCCE90069DDFE /* on_screen_button.cpp */,
				583A5C9B229BCCE90069DDFE /* level_completed.h */,
				583A5C9C229BCCE90069DDFE /* game_ui.h */,
				583A5C9D229BCCE90069DDFE /* resizable_window.cpp */,
				583A5C9E229BCCE90069DDFE /* virtual_joy_stick.cpp */,
				583A5C9F229BCCE90069DDFE /* text_toggle.cpp */,
				583A5CA0229BCCE90069DDFE /* text_button.cpp */,
				583A5CA1229BCCE90069DDFE /* pause_window.h */,
				583A5CA2229BCCE90069DDFE /* message_window.h */,
				583A5CA3229BCCE90069DDFE /* resizable_window.h */,
			);
			path = ui;
			sourceTree = "<group>";
		};
		583A5CA4229BCCE90069DDFE /* scenes */ = {
			isa = PBXGroup;
			children = (
				583A5CA5229BCCE90069DDFE /* menu_scene.h */,
				583A5CA6229BCCE90069DDFE /* menu_scene.cpp */,
				583A5CA7229BCCE90069DDFE /* loading_scene.cpp */,
				583A5CA8229BCCE90069DDFE /* loading_scene.h */,
				583A5CA9229BCCE90069DDFE /* game_scene.h */,
				583A5CAA229BCCE90069DDFE /* game_scene.cpp */,
			);
			path = scenes;
			sourceTree = "<group>";
		};
		583A5CAB229BCCE90069DDFE /* misc */ = {
			isa = PBXGroup;
			children = (
				583A5CAC229BCCE90069DDFE /* level_manager.h */,
				583A5CAD229BCCE90069DDFE /* level_manager.cpp */,
			);
			path = misc;
			sourceTree = "<group>";
		};
/* End PBXGroup section */

/* Begin PBXNativeTarget section */
		1D6058900D05DD3D006BFB54 /* lasers-and-bots-mobile */ = {
			isa = PBXNativeTarget;
			buildConfigurationList = 1D6058960D05DD3E006BFB54 /* Build configuration list for PBXNativeTarget "lasers-and-bots-mobile" */;
			buildPhases = (
				1D60588D0D05DD3D006BFB54 /* Resources */,
				1D60588E0D05DD3D006BFB54 /* Sources */,
				1D60588F0D05DD3D006BFB54 /* Frameworks */,
			);
			buildRules = (
			);
			dependencies = (
				1AC6FB25180E99E1004C840B /* PBXTargetDependency */,
			);
			name = "lasers-and-bots-mobile";
			productName = iphone;
			productReference = 1D6058910D05DD3D006BFB54 /* lasers-and-bots-mobile.app */;
			productType = "com.apple.product-type.application";
		};
		5087E73D17EB910900C73F5D /* lasers-and-bots-desktop */ = {
			isa = PBXNativeTarget;
			buildConfigurationList = 5087E76C17EB910900C73F5D /* Build configuration list for PBXNativeTarget "lasers-and-bots-desktop" */;
			buildPhases = (
				5087E74817EB910900C73F5D /* Resources */,
				5087E75617EB910900C73F5D /* Sources */,
				5087E75C17EB910900C73F5D /* Frameworks */,
			);
			buildRules = (
			);
			dependencies = (
				1AC6FB16180E9959004C840B /* PBXTargetDependency */,
			);
			name = "lasers-and-bots-desktop";
			productName = iphone;
			productReference = 5087E76F17EB910900C73F5D /* lasers-and-bots-desktop.app */;
			productType = "com.apple.product-type.application";
		};
/* End PBXNativeTarget section */

/* Begin PBXProject section */
		29B97313FDCFA39411CA2CEA /* Project object */ = {
			isa = PBXProject;
			attributes = {
				LastUpgradeCheck = 0500;
				TargetAttributes = {
					1D6058900D05DD3D006BFB54 = {
						DevelopmentTeam = JZ29DK294M;
					};
				};
			};
			buildConfigurationList = C01FCF4E08A954540054247B /* Build configuration list for PBXProject "lasers-and-bots" */;
			compatibilityVersion = "Xcode 3.2";
			developmentRegion = English;
			hasScannedForEncodings = 1;
			knownRegions = (
				English,
				Japanese,
				French,
				German,
			);
			mainGroup = 29B97314FDCFA39411CA2CEA /* CustomTemplate */;
			projectDirPath = "";
			projectReferences = (
				{
					ProductGroup = 1AC6FAE6180E9839004C840B /* Products */;
					ProjectRef = 1AC6FAE5180E9839004C840B /* cocos2d_libs.xcodeproj */;
				},
			);
			projectRoot = "";
			targets = (
				1D6058900D05DD3D006BFB54 /* lasers-and-bots-mobile */,
				5087E73D17EB910900C73F5D /* lasers-and-bots-desktop */,
			);
		};
/* End PBXProject section */

/* Begin PBXReferenceProxy section */
		1A7533E31F6F75F6007E8E6F /* libcocos2d tvOS.a */ = {
			isa = PBXReferenceProxy;
			fileType = archive.ar;
			path = "libcocos2d tvOS.a";
			remoteRef = 1A7533E21F6F75F6007E8E6F /* PBXContainerItemProxy */;
			sourceTree = BUILT_PRODUCTS_DIR;
		};
		1AC6FAF9180E9839004C840B /* libcocos2d Mac.a */ = {
			isa = PBXReferenceProxy;
			fileType = archive.ar;
			path = "libcocos2d Mac.a";
			remoteRef = 1AC6FAF8180E9839004C840B /* PBXContainerItemProxy */;
			sourceTree = BUILT_PRODUCTS_DIR;
		};
		1AC6FB07180E9839004C840B /* libcocos2d iOS.a */ = {
			isa = PBXReferenceProxy;
			fileType = archive.ar;
			path = "libcocos2d iOS.a";
			remoteRef = 1AC6FB06180E9839004C840B /* PBXContainerItemProxy */;
			sourceTree = BUILT_PRODUCTS_DIR;
		};
/* End PBXReferenceProxy section */

/* Begin PBXResourcesBuildPhase section */
		1D60588D0D05DD3D006BFB54 /* Resources */ = {
			isa = PBXResourcesBuildPhase;
			buildActionMask = 2147483647;
			files = (
				583A5D18229BCD0C0069DDFE /* ui in Resources */,
				583A5D14229BCD0C0069DDFE /* res in Resources */,
				583A5D1E229BCD0C0069DDFE /* sounds in Resources */,
				583A5D0E229BCD0C0069DDFE /* shapes in Resources */,
				1A88B2641FC3D9C9005C14AE /* Images.xcassets in Resources */,
				583A5D0C229BCD0C0069DDFE /* robot in Resources */,
				583A5D20229BCD0C0069DDFE /* fonts in Resources */,
				1AF87B891F6F781D007BE51C /* LaunchScreenBackground.png in Resources */,
				583A5D16229BCD0C0069DDFE /* levels in Resources */,
				583A5CAF229BCCE90069DDFE /* cocos2dClass.snippet in Resources */,
				583A5D12229BCD0C0069DDFE /* maps in Resources */,
				583A5D1A229BCD0C0069DDFE /* credits in Resources */,
				583A5D1C229BCD0C0069DDFE /* objects in Resources */,
				1AF87B881F6F781D007BE51C /* LaunchScreen.storyboard in Resources */,
				583A5D10229BCD0C0069DDFE /* version in Resources */,
			);
			runOnlyForDeploymentPostprocessing = 0;
		};
		5087E74817EB910900C73F5D /* Resources */ = {
			isa = PBXResourcesBuildPhase;
			buildActionMask = 2147483647;
			files = (
				583A5D11229BCD0C0069DDFE /* version in Resources */,
				583A5D21229BCD0C0069DDFE /* fonts in Resources */,
				583A5D19229BCD0C0069DDFE /* ui in Resources */,
				583A5D1F229BCD0C0069DDFE /* sounds in Resources */,
				583A5D17229BCD0C0069DDFE /* levels in Resources */,
				583A5D1B229BCD0C0069DDFE /* credits in Resources */,
				583A5D0D229BCD0C0069DDFE /* robot in Resources */,
				503AE0F817EB97AB00D1A890 /* Icon.icns in Resources */,
				583A5D13229BCD0C0069DDFE /* maps in Resources */,
				583A5D15229BCD0C0069DDFE /* res in Resources */,
				583A5D0F229BCD0C0069DDFE /* shapes in Resources */,
				583A5D1D229BCD0C0069DDFE /* objects in Resources */,
				583A5CB0229BCCE90069DDFE /* cocos2dClass.snippet in Resources */,
			);
			runOnlyForDeploymentPostprocessing = 0;
		};
/* End PBXResourcesBuildPhase section */

/* Begin PBXSourcesBuildPhase section */
		1D60588E0D05DD3D006BFB54 /* Sources */ = {
			isa = PBXSourcesBuildPhase;
			buildActionMask = 2147483647;
			files = (
				583A5CBD229BCCE90069DDFE /* basic_app.cpp in Sources */,
				583A5CE1229BCCE90069DDFE /* basic_menu.cpp in Sources */,
				1AF87B781F6F77F7007BE51C /* AppController.mm in Sources */,
				1AF87B8B1F6F782A007BE51C /* RootViewController.mm in Sources */,
				583A5CF5229BCCE90069DDFE /* text_toggle.cpp in Sources */,
				583A5CC5229BCCE90069DDFE /* tiled_scene.cpp in Sources */,
				583A5CE5229BCCE90069DDFE /* slider_object.cpp in Sources */,
				583A5CB9229BCCE90069DDFE /* physics_game_object.cpp in Sources */,
				583A5CD9229BCCE90069DDFE /* robot_object.cpp in Sources */,
				583A5CF7229BCCE90069DDFE /* text_button.cpp in Sources */,
				583A5CC7229BCCE90069DDFE /* laser_and_bots_app.cpp in Sources */,
				583A5CC3229BCCE90069DDFE /* basic_scene.cpp in Sources */,
				583A5CFD229BCCE90069DDFE /* game_scene.cpp in Sources */,
				583A5CBB229BCCE90069DDFE /* physics_tiled_scene.cpp in Sources */,
				583A5CB5229BCCE90069DDFE /* audio_helper.cpp in Sources */,
				583A5CC1229BCCE90069DDFE /* grid_scene.cpp in Sources */,
				583A5CED229BCCE90069DDFE /* message_window.cpp in Sources */,
				583A5CCD229BCCE90069DDFE /* barrel_object.cpp in Sources */,
				583A5CF9229BCCE90069DDFE /* menu_scene.cpp in Sources */,
				583A5CDF229BCCE90069DDFE /* credits_menu.cpp in Sources */,
				583A5CFB229BCCE90069DDFE /* loading_scene.cpp in Sources */,
				583A5CD3229BCCE90069DDFE /* switch_object.cpp in Sources */,
				583A5CDD229BCCE90069DDFE /* main_menu.cpp in Sources */,
				583A5CEB229BCCE90069DDFE /* level_completed.cpp in Sources */,
				583A5CD5229BCCE90069DDFE /* box_object.cpp in Sources */,
				583A5CD7229BCCE90069DDFE /* saw_object.cpp in Sources */,
				583A5CFF229BCCE90069DDFE /* level_manager.cpp in Sources */,
				583A5CCB229BCCE90069DDFE /* harm_object.cpp in Sources */,
				1AF87B8A1F6F7822007BE51C /* main.m in Sources */,
				583A5CBF229BCCE90069DDFE /* game_object.cpp in Sources */,
				583A5CE9229BCCE90069DDFE /* pause_window.cpp in Sources */,
				583A5CB7229BCCE90069DDFE /* physics_shape_cache.cpp in Sources */,
				583A5CE7229BCCE90069DDFE /* game_ui.cpp in Sources */,
				583A5CF3229BCCE90069DDFE /* virtual_joy_stick.cpp in Sources */,
				583A5CDB229BCCE90069DDFE /* options_menu.cpp in Sources */,
				583A5CCF229BCCE90069DDFE /* door_object.cpp in Sources */,
				583A5CD1229BCCE90069DDFE /* robot_fragment.cpp in Sources */,
				583A5CB3229BCCE90069DDFE /* input_controller.cpp in Sources */,
				58CF7AB2229C41F700421F37 /* about_menu.cpp in Sources */,
				583A5CEF229BCCE90069DDFE /* on_screen_button.cpp in Sources */,
				583A5CC9229BCCE90069DDFE /* laser_object.cpp in Sources */,
				583A5CF1229BCCE90069DDFE /* resizable_window.cpp in Sources */,
				583A5CE3229BCCE90069DDFE /* play_menu.cpp in Sources */,
				583A5CB1229BCCE90069DDFE /* utils.cpp in Sources */,
			);
			runOnlyForDeploymentPostprocessing = 0;
		};
		5087E75617EB910900C73F5D /* Sources */ = {
			isa = PBXSourcesBuildPhase;
			buildActionMask = 2147483647;
			files = (
				583A5CCE229BCCE90069DDFE /* barrel_object.cpp in Sources */,
				583A5CD4229BCCE90069DDFE /* switch_object.cpp in Sources */,
				583A5CC2229BCCE90069DDFE /* grid_scene.cpp in Sources */,
				583A5CC0229BCCE90069DDFE /* game_object.cpp in Sources */,
				583A5CBE229BCCE90069DDFE /* basic_app.cpp in Sources */,
				583A5CFA229BCCE90069DDFE /* menu_scene.cpp in Sources */,
				583A5CFE229BCCE90069DDFE /* game_scene.cpp in Sources */,
				583A5CE0229BCCE90069DDFE /* credits_menu.cpp in Sources */,
				583A5CF8229BCCE90069DDFE /* text_button.cpp in Sources */,
				583A5CBA229BCCE90069DDFE /* physics_game_object.cpp in Sources */,
				583A5CB4229BCCE90069DDFE /* input_controller.cpp in Sources */,
				583A5CF0229BCCE90069DDFE /* on_screen_button.cpp in Sources */,
				583A5CDE229BCCE90069DDFE /* main_menu.cpp in Sources */,
				583A5CE2229BCCE90069DDFE /* basic_menu.cpp in Sources */,
				503AE10517EB98FF00D1A890 /* main.cpp in Sources */,
				583A5CC8229BCCE90069DDFE /* laser_and_bots_app.cpp in Sources */,
				583A5CEA229BCCE90069DDFE /* pause_window.cpp in Sources */,
				583A5CD2229BCCE90069DDFE /* robot_fragment.cpp in Sources */,
				583A5CE8229BCCE90069DDFE /* game_ui.cpp in Sources */,
				583A5CEC229BCCE90069DDFE /* level_completed.cpp in Sources */,
				583A5CD6229BCCE90069DDFE /* box_object.cpp in Sources */,
				583A5CF4229BCCE90069DDFE /* virtual_joy_stick.cpp in Sources */,
				583A5CD8229BCCE90069DDFE /* saw_object.cpp in Sources */,
				583A5D00229BCCE90069DDFE /* level_manager.cpp in Sources */,
				583A5CDC229BCCE90069DDFE /* options_menu.cpp in Sources */,
				583A5CCC229BCCE90069DDFE /* harm_object.cpp in Sources */,
				583A5CFC229BCCE90069DDFE /* loading_scene.cpp in Sources */,
				583A5CF6229BCCE90069DDFE /* text_toggle.cpp in Sources */,
				583A5CC4229BCCE90069DDFE /* basic_scene.cpp in Sources */,
				583A5CD0229BCCE90069DDFE /* door_object.cpp in Sources */,
				583A5CB8229BCCE90069DDFE /* physics_shape_cache.cpp in Sources */,
				583A5CB6229BCCE90069DDFE /* audio_helper.cpp in Sources */,
				583A5CDA229BCCE90069DDFE /* robot_object.cpp in Sources */,
				583A5CCA229BCCE90069DDFE /* laser_object.cpp in Sources */,
				583A5CBC229BCCE90069DDFE /* physics_tiled_scene.cpp in Sources */,
				583A5CB2229BCCE90069DDFE /* utils.cpp in Sources */,
				58CF7AB3229C41F700421F37 /* about_menu.cpp in Sources */,
				583A5CF2229BCCE90069DDFE /* resizable_window.cpp in Sources */,
				583A5CC6229BCCE90069DDFE /* tiled_scene.cpp in Sources */,
				583A5CE4229BCCE90069DDFE /* play_menu.cpp in Sources */,
				583A5CE6229BCCE90069DDFE /* slider_object.cpp in Sources */,
				583A5CEE229BCCE90069DDFE /* message_window.cpp in Sources */,
			);
			runOnlyForDeploymentPostprocessing = 0;
		};
/* End PBXSourcesBuildPhase section */

/* Begin PBXTargetDependency section */
		1AC6FB16180E9959004C840B /* PBXTargetDependency */ = {
			isa = PBXTargetDependency;
			name = "cocos2dx Mac";
			targetProxy = 1AC6FB15180E9959004C840B /* PBXContainerItemProxy */;
		};
		1AC6FB25180E99E1004C840B /* PBXTargetDependency */ = {
			isa = PBXTargetDependency;
			name = "cocos2dx iOS";
			targetProxy = 1AC6FB24180E99E1004C840B /* PBXContainerItemProxy */;
		};
/* End PBXTargetDependency section */

/* Begin XCBuildConfiguration section */
		1D6058940D05DD3E006BFB54 /* Debug */ = {
			isa = XCBuildConfiguration;
			buildSettings = {
				ALWAYS_SEARCH_USER_PATHS = YES;
				ASSETCATALOG_COMPILER_APPICON_NAME = AppIcon;
				CODE_SIGN_IDENTITY = "iPhone Developer";
				COMPRESS_PNG_FILES = NO;
				DEVELOPMENT_TEAM = JZ29DK294M;
				ENABLE_BITCODE = NO;
				GCC_DYNAMIC_NO_PIC = NO;
				GCC_INLINES_ARE_PRIVATE_EXTERN = NO;
				GCC_PRECOMPILE_PREFIX_HEADER = YES;
				GCC_PREFIX_HEADER = ios/Prefix.pch;
				GCC_PREPROCESSOR_DEFINITIONS = (
					USE_FILE32API,
					"COCOS2D_DEBUG=1",
					"CC_ENABLE_CHIPMUNK_INTEGRATION=1",
				);
				GCC_SYMBOLS_PRIVATE_EXTERN = NO;
				HEADER_SEARCH_PATHS = "$(inherited)";
				INFOPLIST_FILE = ios/Info.plist;
				IPHONEOS_DEPLOYMENT_TARGET = 6.0;
				LIBRARY_SEARCH_PATHS = "";
				OTHER_LDFLAGS = (
					"$(_COCOS_LIB_IOS_BEGIN)",
					"$(_COCOS_LIB_IOS_END)",
				);
				SDKROOT = iphoneos;
				STRIP_PNG_TEXT = NO;
				TARGETED_DEVICE_FAMILY = "1,2";
				USER_HEADER_SEARCH_PATHS = "$(_COCOS_HEADER_IOS_BEGIN) $(_COCOS_HEADER_IOS_END)";
				VALID_ARCHS = "arm64 armv7";
			};
			name = Debug;
		};
		1D6058950D05DD3E006BFB54 /* Release */ = {
			isa = XCBuildConfiguration;
			buildSettings = {
				ALWAYS_SEARCH_USER_PATHS = YES;
				ASSETCATALOG_COMPILER_APPICON_NAME = AppIcon;
				CODE_SIGN_IDENTITY = "iPhone Developer";
				COMPRESS_PNG_FILES = NO;
				DEVELOPMENT_TEAM = JZ29DK294M;
				ENABLE_BITCODE = NO;
				GCC_INLINES_ARE_PRIVATE_EXTERN = NO;
				GCC_PRECOMPILE_PREFIX_HEADER = YES;
				GCC_PREFIX_HEADER = ios/Prefix.pch;
				GCC_PREPROCESSOR_DEFINITIONS = (
					USE_FILE32API,
					"CC_ENABLE_CHIPMUNK_INTEGRATION=1",
					NDEBUG,
				);
				GCC_SYMBOLS_PRIVATE_EXTERN = NO;
				HEADER_SEARCH_PATHS = "$(inherited)";
				INFOPLIST_FILE = ios/Info.plist;
				IPHONEOS_DEPLOYMENT_TARGET = 6.0;
				LIBRARY_SEARCH_PATHS = "";
				OTHER_LDFLAGS = (
					"$(_COCOS_LIB_IOS_BEGIN)",
					"$(_COCOS_LIB_IOS_END)",
				);
				SDKROOT = iphoneos;
				STRIP_PNG_TEXT = NO;
				TARGETED_DEVICE_FAMILY = "1,2";
				USER_HEADER_SEARCH_PATHS = "$(_COCOS_HEADER_IOS_BEGIN) $(_COCOS_HEADER_IOS_END)";
				VALID_ARCHS = "arm64 armv7";
			};
			name = Release;
		};
		5087E76D17EB910900C73F5D /* Debug */ = {
			isa = XCBuildConfiguration;
			buildSettings = {
				ALWAYS_SEARCH_USER_PATHS = YES;
				ARCHS = "$(ARCHS_STANDARD_64_BIT)";
				CLANG_CXX_LANGUAGE_STANDARD = "c++0x";
				CLANG_CXX_LIBRARY = "libc++";
				GCC_DYNAMIC_NO_PIC = NO;
				GCC_INLINES_ARE_PRIVATE_EXTERN = NO;
				GCC_PRECOMPILE_PREFIX_HEADER = YES;
				GCC_PREFIX_HEADER = mac/Prefix.pch;
				GCC_PREPROCESSOR_DEFINITIONS = (
					USE_FILE32API,
					"COCOS2D_DEBUG=1",
					"CC_ENABLE_CHIPMUNK_INTEGRATION=1",
				);
				GCC_SYMBOLS_PRIVATE_EXTERN = NO;
				HEADER_SEARCH_PATHS = (
					"$(inherited)",
					"$(SRCROOT)/../cocos2d/external/glfw3/include/mac",
				);
				INFOPLIST_FILE = mac/Info.plist;
				LIBRARY_SEARCH_PATHS = "";
				OTHER_LDFLAGS = (
					"$(_COCOS_LIB_MAC_BEGIN)",
					"$(_COCOS_LIB_MAC_END)",
				);
				USER_HEADER_SEARCH_PATHS = "$(_COCOS_HEADER_MAC_BEGIN) $(_COCOS_HEADER_MAC_END)";
			};
			name = Debug;
		};
		5087E76E17EB910900C73F5D /* Release */ = {
			isa = XCBuildConfiguration;
			buildSettings = {
				ALWAYS_SEARCH_USER_PATHS = YES;
				ARCHS = "$(ARCHS_STANDARD_64_BIT)";
				CLANG_CXX_LANGUAGE_STANDARD = "c++0x";
				CLANG_CXX_LIBRARY = "libc++";
				GCC_INLINES_ARE_PRIVATE_EXTERN = NO;
				GCC_PRECOMPILE_PREFIX_HEADER = YES;
				GCC_PREFIX_HEADER = mac/Prefix.pch;
				GCC_PREPROCESSOR_DEFINITIONS = (
					USE_FILE32API,
					"CC_ENABLE_CHIPMUNK_INTEGRATION=1",
					NDEBUG,
				);
				GCC_SYMBOLS_PRIVATE_EXTERN = NO;
				HEADER_SEARCH_PATHS = (
					"$(inherited)",
					"$(SRCROOT)/../cocos2d/external/glfw3/include/mac",
				);
				INFOPLIST_FILE = mac/Info.plist;
				LIBRARY_SEARCH_PATHS = "";
				OTHER_LDFLAGS = (
					"$(_COCOS_LIB_MAC_BEGIN)",
					"$(_COCOS_LIB_MAC_END)",
				);
				USER_HEADER_SEARCH_PATHS = "$(_COCOS_HEADER_MAC_BEGIN) $(_COCOS_HEADER_MAC_END)";
			};
			name = Release;
		};
		C01FCF4F08A954540054247B /* Debug */ = {
			isa = XCBuildConfiguration;
			buildSettings = {
				CLANG_CXX_LANGUAGE_STANDARD = "c++0x";
				CLANG_CXX_LIBRARY = "libc++";
				COPY_PHASE_STRIP = NO;
				GCC_OPTIMIZATION_LEVEL = 0;
				GCC_WARN_ABOUT_RETURN_TYPE = YES;
				GCC_WARN_UNUSED_VARIABLE = YES;
				HEADER_SEARCH_PATHS = (
					"$(SRCROOT)/../cocos2d",
					"$(SRCROOT)/../cocos2d/cocos/audio/include",
					"$(SRCROOT)/../cocos2d/cocos",
					"$(SRCROOT)/../cocos2d/extensions",
					"$(SRCROOT)/../cocos2d/external",
					"$(SRCROOT)/../cocos2d/external/chipmunk/include/chipmunk",
					"$(SRCROOT)/../cocos2d/cocos/editor-support",
					"$(SRCROOT)/../rapidjson/include",
				);
				IPHONEOS_DEPLOYMENT_TARGET = 6.0;
				MACOSX_DEPLOYMENT_TARGET = 10.7;
				ONLY_ACTIVE_ARCH = YES;
				PRODUCT_NAME = "$(TARGET_NAME)";
				SDKROOT = macosx;
			};
			name = Debug;
		};
		C01FCF5008A954540054247B /* Release */ = {
			isa = XCBuildConfiguration;
			buildSettings = {
				CLANG_CXX_LANGUAGE_STANDARD = "c++0x";
				CLANG_CXX_LIBRARY = "libc++";
				GCC_WARN_ABOUT_RETURN_TYPE = YES;
				GCC_WARN_UNUSED_VARIABLE = YES;
				HEADER_SEARCH_PATHS = (
					"$(SRCROOT)/../cocos2d",
					"$(SRCROOT)/../cocos2d/cocos/audio/include",
					"$(SRCROOT)/../cocos2d/cocos",
					"$(SRCROOT)/../cocos2d/extensions",
					"$(SRCROOT)/../cocos2d/external",
					"$(SRCROOT)/../cocos2d/external/chipmunk/include/chipmunk",
					"$(SRCROOT)/../cocos2d/cocos/editor-support",
					"$(SRCROOT)/../rapidjson/include",
				);
				IPHONEOS_DEPLOYMENT_TARGET = 6.0;
				MACOSX_DEPLOYMENT_TARGET = 10.7;
				OTHER_CFLAGS = "-DNS_BLOCK_ASSERTIONS=1";
				PRODUCT_NAME = "$(TARGET_NAME)";
				SDKROOT = macosx;
				VALIDATE_PRODUCT = YES;
			};
			name = Release;
		};
/* End XCBuildConfiguration section */

/* Begin XCConfigurationList section */
		1D6058960D05DD3E006BFB54 /* Build configuration list for PBXNativeTarget "lasers-and-bots-mobile" */ = {
			isa = XCConfigurationList;
			buildConfigurations = (
				1D6058940D05DD3E006BFB54 /* Debug */,
				1D6058950D05DD3E006BFB54 /* Release */,
			);
			defaultConfigurationIsVisible = 0;
			defaultConfigurationName = Debug;
		};
		5087E76C17EB910900C73F5D /* Build configuration list for PBXNativeTarget "lasers-and-bots-desktop" */ = {
			isa = XCConfigurationList;
			buildConfigurations = (
				5087E76D17EB910900C73F5D /* Debug */,
				5087E76E17EB910900C73F5D /* Release */,
			);
			defaultConfigurationIsVisible = 0;
			defaultConfigurationName = Debug;
		};
		C01FCF4E08A954540054247B /* Build configuration list for PBXProject "lasers-and-bots" */ = {
			isa = XCConfigurationList;
			buildConfigurations = (
				C01FCF4F08A954540054247B /* Debug */,
				C01FCF5008A954540054247B /* Release */,
			);
			defaultConfigurationIsVisible = 0;
			defaultConfigurationName = Debug;
		};
/* End XCConfigurationList section */
	};
	rootObject = 29B97313FDCFA39411CA2CEA /* Project object */;
}
