<?xml version="1.0" encoding="utf-8"?>
<Project ToolsVersion="4.0" xmlns="http://schemas.microsoft.com/developer/msbuild/2003">
  <ItemGroup>
    <Filter Include="win32">
      <UniqueIdentifier>{84a8ebd7-7cf0-47f6-b75e-d441df67da40}</UniqueIdentifier>
    </Filter>
    <Filter Include="resource">
      <UniqueIdentifier>{715254bc-d70b-4ec5-bf29-467dd3ace079}</UniqueIdentifier>
    </Filter>
    <Filter Include="src">
      <UniqueIdentifier>{bb6c862e-70e9-49d9-81b7-3829a6f50471}</UniqueIdentifier>
    </Filter>
    <Filter Include="src\utils">
      <UniqueIdentifier>{777bd190-3673-4c4b-8a30-8527c6b7fd26}</UniqueIdentifier>
    </Filter>
    <Filter Include="src\app">
      <UniqueIdentifier>{6c4e833f-e4a9-4db6-8ba8-b67b6aa8642c}</UniqueIdentifier>
    </Filter>
    <Filter Include="src\utils\base">
      <UniqueIdentifier>{2dbcf811-9027-4d90-9ea4-f9edd463c194}</UniqueIdentifier>
    </Filter>
    <Filter Include="src\utils\base\scene">
      <UniqueIdentifier>{14a64151-ca02-4579-a9c1-ccdfdce87143}</UniqueIdentifier>
    </Filter>
    <Filter Include="src\utils\base\app">
      <UniqueIdentifier>{9a2193e8-b031-4eb4-9c55-a865dccb3ac4}</UniqueIdentifier>
    </Filter>
    <Filter Include="src\utils\audio">
      <UniqueIdentifier>{db260611-377e-4594-acbf-d03ef15fa52c}</UniqueIdentifier>
    </Filter>
    <Filter Include="src\game">
      <UniqueIdentifier>{1a5eeb40-d030-43a7-83ae-e509aeed957e}</UniqueIdentifier>
    </Filter>
    <Filter Include="src\utils\base\sprite">
      <UniqueIdentifier>{30b84e4f-dce8-4b52-97db-d935e3a37d35}</UniqueIdentifier>
    </Filter>
    <Filter Include="src\utils\physics">
      <UniqueIdentifier>{4d75a38c-cda0-4220-a25a-d1aea8a0c20b}</UniqueIdentifier>
    </Filter>
    <Filter Include="src\scene">
      <UniqueIdentifier>{62b547de-2749-4a97-b72b-a268980a00b2}</UniqueIdentifier>
    </Filter>
    <Filter Include="src\ui">
      <UniqueIdentifier>{da36c100-c1f0-42e7-9828-13e6ceb10d26}</UniqueIdentifier>
    </Filter>
    <Filter Include="src\menu">
      <UniqueIdentifier>{e5aec36b-3211-42fe-820c-f6156f2fc644}</UniqueIdentifier>
    </Filter>
    <Filter Include="src\misc">
      <UniqueIdentifier>{3469b86d-cee2-4cc9-ad1a-4a16b3688ff8}</UniqueIdentifier>
    </Filter>
    <Filter Include="src\utils\controller">
      <UniqueIdentifier>{948fc23a-c9d1-4d86-a3e2-b4583cfe9a1d}</UniqueIdentifier>
    </Filter>
    <Filter Include="src\utils\nodes">
      <UniqueIdentifier>{8552bd86-8d84-45e4-a21a-2780cdc27c5e}</UniqueIdentifier>
    </Filter>
  </ItemGroup>
  <ItemGroup>
    <ClCompile Include="main.cpp">
      <Filter>win32</Filter>
    </ClCompile>
    <ClCompile Include="..\Classes\utils\utils.cpp">
      <Filter>src\utils</Filter>
    </ClCompile>
    <ClCompile Include="..\Classes\utils\base\scene\basic_scene.cpp">
      <Filter>src\utils\base\scene</Filter>
    </ClCompile>
    <ClCompile Include="..\Classes\utils\base\scene\grid_scene.cpp">
      <Filter>src\utils\base\scene</Filter>
    </ClCompile>
    <ClCompile Include="..\Classes\utils\base\scene\tiled_scene.cpp">
      <Filter>src\utils\base\scene</Filter>
    </ClCompile>
    <ClCompile Include="..\Classes\utils\base\sprite\game_object.cpp">
      <Filter>src\utils\base\sprite</Filter>
    </ClCompile>
    <ClCompile Include="..\Classes\utils\base\app\basic_app.cpp">
      <Filter>src\utils\base\app</Filter>
    </ClCompile>
    <ClCompile Include="..\Classes\utils\audio\audio_helper.cpp">
      <Filter>src\utils\audio</Filter>
    </ClCompile>
    <ClCompile Include="..\Classes\laser_and_bots_app.cpp">
      <Filter>src\app</Filter>
    </ClCompile>
    <ClCompile Include="..\Classes\game\laser_object.cpp">
      <Filter>src\game</Filter>
    </ClCompile>
    <ClCompile Include="..\Classes\game\robot_object.cpp">
      <Filter>src\game</Filter>
    </ClCompile>
    <ClCompile Include="..\Classes\scenes\game_scene.cpp">
      <Filter>src\scene</Filter>
    </ClCompile>
    <ClCompile Include="..\Classes\ui\game_ui.cpp">
      <Filter>src\ui</Filter>
    </ClCompile>
    <ClCompile Include="..\Classes\ui\virtual_joy_stick.cpp">
      <Filter>src\ui</Filter>
    </ClCompile>
    <ClCompile Include="..\Classes\utils\physics\physics_shape_cache.cpp">
      <Filter>src\utils\physics</Filter>
    </ClCompile>
    <ClCompile Include="..\Classes\game\switch_object.cpp">
      <Filter>src\game</Filter>
    </ClCompile>
    <ClCompile Include="..\Classes\game\door_object.cpp">
      <Filter>src\game</Filter>
    </ClCompile>
    <ClCompile Include="..\Classes\scenes\loading_scene.cpp">
      <Filter>src\scene</Filter>
    </ClCompile>
    <ClCompile Include="..\Classes\ui\on_screen_button.cpp">
      <Filter>src\ui</Filter>
    </ClCompile>
    <ClCompile Include="..\Classes\game\robot_fragment.cpp">
      <Filter>src\game</Filter>
    </ClCompile>
    <ClCompile Include="..\Classes\game\barrel_object.cpp">
      <Filter>src\game</Filter>
    </ClCompile>
    <ClCompile Include="..\Classes\game\box_object.cpp">
      <Filter>src\game</Filter>
    </ClCompile>
    <ClCompile Include="..\Classes\game\saw_object.cpp">
      <Filter>src\game</Filter>
    </ClCompile>
    <ClCompile Include="..\Classes\utils\physics\physics_game_object.cpp">
      <Filter>src\utils\physics</Filter>
    </ClCompile>
    <ClCompile Include="..\Classes\game\harm_object.cpp">
      <Filter>src\game</Filter>
    </ClCompile>
    <ClCompile Include="..\Classes\utils\physics\physics_tiled_scene.cpp">
      <Filter>src\utils\physics</Filter>
    </ClCompile>
    <ClCompile Include="..\Classes\ui\message_window.cpp">
      <Filter>src\ui</Filter>
    </ClCompile>
    <ClCompile Include="..\Classes\ui\pause_window.cpp">
      <Filter>src\ui</Filter>
    </ClCompile>
    <ClCompile Include="..\Classes\scenes\menu_scene.cpp">
      <Filter>src\scene</Filter>
    </ClCompile>
    <ClCompile Include="..\Classes\menu\main_menu.cpp">
      <Filter>src\menu</Filter>
    </ClCompile>
    <ClCompile Include="..\Classes\menu\basic_menu.cpp">
      <Filter>src\menu</Filter>
    </ClCompile>
    <ClCompile Include="..\Classes\menu\options_menu.cpp">
      <Filter>src\menu</Filter>
    </ClCompile>
    <ClCompile Include="..\Classes\menu\play_menu.cpp">
      <Filter>src\menu</Filter>
    </ClCompile>
    <ClCompile Include="..\Classes\misc\level_manager.cpp">
      <Filter>src\misc</Filter>
    </ClCompile>
    <ClCompile Include="..\Classes\ui\resizable_window.cpp">
      <Filter>src\ui</Filter>
    </ClCompile>
    <ClCompile Include="..\Classes\ui\slider_object.cpp">
      <Filter>src\ui</Filter>
    </ClCompile>
    <ClCompile Include="..\Classes\ui\text_button.cpp">
      <Filter>src\ui</Filter>
    </ClCompile>
    <ClCompile Include="..\Classes\ui\text_toggle.cpp">
      <Filter>src\ui</Filter>
    </ClCompile>
    <ClCompile Include="..\Classes\ui\level_completed.cpp">
      <Filter>src\ui</Filter>
    </ClCompile>
    <ClCompile Include="..\Classes\menu\credits_menu.cpp">
      <Filter>src\menu</Filter>
    </ClCompile>
    <ClCompile Include="..\Classes\utils\controller\input_controller.cpp">
      <Filter>src\utils\controller</Filter>
    </ClCompile>
    <ClCompile Include="..\Classes\menu\about_menu.cpp">
      <Filter>src\menu</Filter>
    </ClCompile>
    <ClCompile Include="..\Classes\game\on_off_object.cpp">
      <Filter>src\game</Filter>
    </ClCompile>
    <ClCompile Include="..\Classes\menu\license_menu.cpp">
      <Filter>src\menu</Filter>
    </ClCompile>
    <ClCompile Include="..\Classes\ui\scrolling_text.cpp">
      <Filter>src\ui</Filter>
    </ClCompile>
    <ClCompile Include="..\Classes\utils\base\nodes\custom_draw_node.cpp">
      <Filter>src\utils\nodes</Filter>
    </ClCompile>
    <ClCompile Include="..\Classes\game\background_layer.cpp">
      <Filter>src\game</Filter>
    </ClCompile>
  </ItemGroup>
  <ItemGroup>
    <ClInclude Include="main.h">
      <Filter>win32</Filter>
    </ClInclude>
    <ClInclude Include="..\Classes\utils\utils.h">
      <Filter>src\utils</Filter>
    </ClInclude>
    <ClInclude Include="..\Classes\utils\base\scene\basic_scene.h">
      <Filter>src\utils\base\scene</Filter>
    </ClInclude>
    <ClInclude Include="..\Classes\utils\base\scene\grid_scene.h">
      <Filter>src\utils\base\scene</Filter>
    </ClInclude>
    <ClInclude Include="..\Classes\utils\base\scene\tiled_scene.h">
      <Filter>src\utils\base\scene</Filter>
    </ClInclude>
    <ClInclude Include="..\Classes\utils\base\sprite\game_object.h">
      <Filter>src\utils\base\sprite</Filter>
    </ClInclude>
    <ClInclude Include="..\Classes\utils\base\app\basic_app.h">
      <Filter>src\utils\base\app</Filter>
    </ClInclude>
    <ClInclude Include="..\Classes\utils\audio\audio_helper.h">
      <Filter>src\utils\audio</Filter>
    </ClInclude>
    <ClInclude Include="..\Classes\laser_and_bots_app.h">
      <Filter>src\app</Filter>
    </ClInclude>
    <ClInclude Include="..\Classes\game\laser_object.h">
      <Filter>src\game</Filter>
    </ClInclude>
    <ClInclude Include="..\Classes\game\robot_object.h">
      <Filter>src\game</Filter>
    </ClInclude>
    <ClInclude Include="..\Classes\scenes\game_scene.h">
      <Filter>src\scene</Filter>
    </ClInclude>
    <ClInclude Include="..\Classes\ui\game_ui.h">
      <Filter>src\ui</Filter>
    </ClInclude>
    <ClInclude Include="..\Classes\ui\virtual_joy_stick.h">
      <Filter>src\ui</Filter>
    </ClInclude>
    <ClInclude Include="..\Classes\utils\physics\physics_shape_cache.h">
      <Filter>src\utils\physics</Filter>
    </ClInclude>
    <ClInclude Include="..\Classes\game\switch_object.h">
      <Filter>src\game</Filter>
    </ClInclude>
    <ClInclude Include="..\Classes\game\door_object.h">
      <Filter>src\game</Filter>
    </ClInclude>
    <ClInclude Include="..\Classes\scenes\loading_scene.h">
      <Filter>src\scene</Filter>
    </ClInclude>
    <ClInclude Include="..\Classes\ui\on_screen_button.h">
      <Filter>src\ui</Filter>
    </ClInclude>
    <ClInclude Include="..\Classes\game\robot_fragment.h">
      <Filter>src\game</Filter>
    </ClInclude>
    <ClInclude Include="..\Classes\game\barrel_object.h">
      <Filter>src\game</Filter>
    </ClInclude>
    <ClInclude Include="..\Classes\game\box_object.h">
      <Filter>src\game</Filter>
    </ClInclude>
    <ClInclude Include="..\Classes\game\saw_object.h">
      <Filter>src\game</Filter>
    </ClInclude>
    <ClInclude Include="..\Classes\utils\physics\physics_game_object.h">
      <Filter>src\utils\physics</Filter>
    </ClInclude>
    <ClInclude Include="..\Classes\game\harm_object.h">
      <Filter>src\game</Filter>
    </ClInclude>
    <ClInclude Include="..\Classes\utils\physics\physics_tiled_scene.h">
      <Filter>src\utils\physics</Filter>
    </ClInclude>
    <ClInclude Include="..\Classes\ui\message_window.h">
      <Filter>src\ui</Filter>
    </ClInclude>
    <ClInclude Include="..\Classes\ui\pause_window.h">
      <Filter>src\ui</Filter>
    </ClInclude>
    <ClInclude Include="..\Classes\scenes\menu_scene.h">
      <Filter>src\scene</Filter>
    </ClInclude>
    <ClInclude Include="..\Classes\menu\main_menu.h">
      <Filter>src\menu</Filter>
    </ClInclude>
    <ClInclude Include="..\Classes\menu\basic_menu.h">
      <Filter>src\menu</Filter>
    </ClInclude>
    <ClInclude Include="..\Classes\menu\options_menu.h">
      <Filter>src\menu</Filter>
    </ClInclude>
    <ClInclude Include="..\Classes\menu\play_menu.h">
      <Filter>src\menu</Filter>
    </ClInclude>
    <ClInclude Include="..\Classes\misc\level_manager.h">
      <Filter>src\misc</Filter>
    </ClInclude>
    <ClInclude Include="..\Classes\ui\resizable_window.h">
      <Filter>src\ui</Filter>
    </ClInclude>
    <ClInclude Include="..\Classes\ui\slider_object.h">
      <Filter>src\ui</Filter>
    </ClInclude>
    <ClInclude Include="..\Classes\ui\text_button.h">
      <Filter>src\ui</Filter>
    </ClInclude>
    <ClInclude Include="..\Classes\ui\text_toggle.h">
      <Filter>src\ui</Filter>
    </ClInclude>
    <ClInclude Include="..\Classes\ui\level_completed.h">
      <Filter>src\ui</Filter>
    </ClInclude>
    <ClInclude Include="..\Classes\menu\credits_menu.h">
      <Filter>src\menu</Filter>
    </ClInclude>
    <ClInclude Include="..\Classes\utils\controller\input_controller.h">
      <Filter>src\utils\controller</Filter>
    </ClInclude>
    <ClInclude Include="..\Classes\menu\about_menu.h">
      <Filter>src\menu</Filter>
    </ClInclude>
    <ClInclude Include="..\Classes\game\on_off_object.h">
      <Filter>src\game</Filter>
    </ClInclude>
    <ClInclude Include="..\Classes\menu\license_menu.h">
      <Filter>src\menu</Filter>
    </ClInclude>
    <ClInclude Include="..\Classes\ui\scrolling_text.h">
      <Filter>src\ui</Filter>
    </ClInclude>
    <ClInclude Include="..\Classes\utils\base\nodes\custom_draw_node.h">
      <Filter>src\utils\nodes</Filter>
    </ClInclude>
    <ClInclude Include="..\Classes\game\background_layer.h">
      <Filter>src\game</Filter>
    </ClInclude>
  </ItemGroup>
  <ItemGroup>
    <ResourceCompile Include="game.rc">
      <Filter>resource</Filter>
    </ResourceCompile>
  </ItemGroup>
</Project>